// !$*UTF8*$!
{
	archiveVersion = 1;
	classes = {
	};
	objectVersion = 60;
	objects = {

/* Begin PBXBuildFile section */
		/* PickleLinkKit sources */
		E1584171F2904889A05A45AC /* PickleLinkBLEManager.swift in Sources */ = {isa = PBXBuildFile; fileRef = 2155C493064F460BA4A218E6 /* PickleLinkBLEManager.swift */; };
		AA52F185E1E741708BDEE89F /* PickleLinkPeripheral.swift in Sources */ = {isa = PBXBuildFile; fileRef = 7737EBF99A7A4AD1A97E05D0 /* PickleLinkPeripheral.swift */; };
		FF9693E57ACD494C82519F5B /* PickleLinkUUIDs.swift in Sources */ = {isa = PBXBuildFile; fileRef = 9E80A0BB3B174AA4863E8060 /* PickleLinkUUIDs.swift */; };
		2C9F3D09D3E345FD8DCEF262 /* CommandSession.swift in Sources */ = {isa = PBXBuildFile; fileRef = 42DD7854C7A746B885C7FB33 /* CommandSession.swift */; };
		031192286EA344458D4123E9 /* CommandTransport.swift in Sources */ = {isa = PBXBuildFile; fileRef = 101EDB9F40C047B793C327D7 /* CommandTransport.swift */; };
		A2CD55AA840C429A8153143A /* SmartBridgeCommand.swift in Sources */ = {isa = PBXBuildFile; fileRef = 9DE0EC7FEA174FFD8EA0D7C6 /* SmartBridgeCommand.swift */; };
		BC26FE80CE074F6DAF0FFD3C /* SmartBridgeResponse.swift in Sources */ = {isa = PBXBuildFile; fileRef = 9F80BF0F34A146D0B82643FA /* SmartBridgeResponse.swift */; };
		A0BE48D138F14DDA9CF37845 /* SmartBridgeStatus.swift in Sources */ = {isa = PBXBuildFile; fileRef = D671AD8E08BD4462AE93CB17 /* SmartBridgeStatus.swift */; };
		F904B750C7E54A83BDE5B3C1 /* StatusEvent.swift in Sources */ = {isa = PBXBuildFile; fileRef = 3AA440849B814B28AE3F01DC /* StatusEvent.swift */; };
		PL04000000000001 /* BridgeLogEntry.swift in Sources */ = {isa = PBXBuildFile; fileRef = PL04000000000011 /* BridgeLogEntry.swift */; };
		F039AB985B7A4582A1DD086A /* PickleLinkClient.swift in Sources */ = {isa = PBXBuildFile; fileRef = AA25CFCEC1BE4880B9CC8A28 /* PickleLinkClient.swift */; };
		44F5FCD209A44FAD9E1BB024 /* DoseProgressEstimator.swift in Sources */ = {isa = PBXBuildFile; fileRef = 2439508ECB4948B4BCFDA0EF /* DoseProgressEstimator.swift */; };
		B5266133473C446B85DDC9C3 /* HistorySync.swift in Sources */ = {isa = PBXBuildFile; fileRef = 2CC07258D99F4B5684266A9F /* HistorySync.swift */; };
		PL03000000000001 /* CRC16.swift in Sources */ = {isa = PBXBuildFile; fileRef = PL03000000000011 /* CRC16.swift */; };
		DE9A1662CF2242C1B002BE4B /* PickleLinkConversions.swift in Sources */ = {isa = PBXBuildFile; fileRef = 3272B2FB81714D1EB337C259 /* PickleLinkConversions.swift */; };
		8D9D3412A480472CB40F327A /* PickleLinkPumpManager.swift in Sources */ = {isa = PBXBuildFile; fileRef = 27CDC9ACB78A42E9B788DDFF /* PickleLinkPumpManager.swift */; };
		95CB983559964F1FB2928B13 /* PickleLinkPumpManagerState.swift in Sources */ = {isa = PBXBuildFile; fileRef = B0C34C783FB54436836A97EC /* PickleLinkPumpManagerState.swift */; };
		/* LoopKit + MinimedKit linked into PickleLinkKit */
		1E50F39A2BF045ED8E180916 /* LoopKit.framework in Frameworks */ = {isa = PBXBuildFile; fileRef = 52863A23AFB446CA90C2DFF5 /* LoopKit.framework */; };
		A3F2B11DE5C04D1A92F5B678 /* MinimedKit.framework in Frameworks */ = {isa = PBXBuildFile; fileRef = 5600FEC9FA7242788D398EAA /* MinimedKit.framework */; };
		/* PickleLinkKitUI sources */
		E6F4893253444CB3B9782458 /* PickleLinkPumpManager+UI.swift in Sources */ = {isa = PBXBuildFile; fileRef = 06DA76A647E64DC6BAB1851F /* PickleLinkPumpManager+UI.swift */; };
		F885BAAC827A4F9C8A9A43F7 /* PickleLinkUICoordinator.swift in Sources */ = {isa = PBXBuildFile; fileRef = F2E4DF2791DC47208A41AE02 /* PickleLinkUICoordinator.swift */; };
		E2B7F7549CF44FB79FE9BB9A /* SetupModel.swift in Sources */ = {isa = PBXBuildFile; fileRef = AF268CF407524F83870B8D33 /* SetupModel.swift */; };
		54E9EC37F405414AB81F5D0B /* PickleLinkSettingsView.swift in Sources */ = {isa = PBXBuildFile; fileRef = A5E039C4A954496AAA59340D /* PickleLinkSettingsView.swift */; };
		PL02000000000001 /* PickleLinkNativeSettingsView.swift in Sources */ = {isa = PBXBuildFile; fileRef = PL02000000000011 /* PickleLinkNativeSettingsView.swift */; };
		PL02000000000002 /* PickleLinkSettingsViewModel.swift in Sources */ = {isa = PBXBuildFile; fileRef = PL02000000000012 /* PickleLinkSettingsViewModel.swift */; };
		PL02000000000003 /* PickleLinkListDataSource.swift in Sources */ = {isa = PBXBuildFile; fileRef = PL02000000000013 /* PickleLinkListDataSource.swift */; };
		PL02000000000004 /* PickleLinkDeviceDetailView.swift in Sources */ = {isa = PBXBuildFile; fileRef = PL02000000000014 /* PickleLinkDeviceDetailView.swift */; };
		PL04000000000002 /* PickleLinkBridgeLogView.swift in Sources */ = {isa = PBXBuildFile; fileRef = PL04000000000012 /* PickleLinkBridgeLogView.swift */; };
		48F446EFFBB34B09950FD8D1 /* FrequencyView.swift in Sources */ = {isa = PBXBuildFile; fileRef = 02EE2FB045D74179A28D781B /* FrequencyView.swift */; };
		8D8F77C56E534C34AB96F19A /* PairingView.swift in Sources */ = {isa = PBXBuildFile; fileRef = 586DE0EF6366454EA8944116 /* PairingView.swift */; };
		463C8A83013F4A8E9CE6643A /* PumpIDEntryView.swift in Sources */ = {isa = PBXBuildFile; fileRef = 9315FB7A718044528CE6BE4A /* PumpIDEntryView.swift */; };
		85B71742B6E147C8A2C5117D /* ScanView.swift in Sources */ = {isa = PBXBuildFile; fileRef = AF0B8AC5778245429BA42845 /* ScanView.swift */; };
		F9526DA05E404D9D86B1E857 /* SetupCompleteView.swift in Sources */ = {isa = PBXBuildFile; fileRef = EDD2C9A8F92547FC9F66651D /* SetupCompleteView.swift */; };
		/* LoopKitUI linked into PickleLinkKitUI */
		BD147FE0CF2840B590714A17 /* LoopKitUI.framework in Frameworks */ = {isa = PBXBuildFile; fileRef = 8E68EACAB44D438EBA600D7B /* LoopKitUI.framework */; };
		/* PickleLinkKit linked into PickleLinkKitUI */
		B9A5B86A3FA140CE8F27DA87 /* PickleLinkKit.framework in Frameworks */ = {isa = PBXBuildFile; fileRef = 11DCA3A85FE24F309E2CBBC0 /* PickleLinkKit.framework */; };
		/* PickleLinkKitPlugin sources */
		2D7041D1EAD24258A8C8CEE7 /* PickleLinkPlugin.swift in Sources */ = {isa = PBXBuildFile; fileRef = CE77CB86C2404936B902A9FC /* PickleLinkPlugin.swift */; };
		/* Frameworks linked into Plugin */
		C3A75C4197C6454D8E2B1374 /* PickleLinkKit.framework in Frameworks */ = {isa = PBXBuildFile; fileRef = 11DCA3A85FE24F309E2CBBC0 /* PickleLinkKit.framework */; };
		34C5CDCA40404FB08BC34DE5 /* PickleLinkKitUI.framework in Frameworks */ = {isa = PBXBuildFile; fileRef = 70B83BD17B254E94AFC71802 /* PickleLinkKitUI.framework */; };
		/* Embedded frameworks inside Plugin.loopplugin (only PickleLinkKit+UI — LoopKit/MinimedKit live in the host app) */
		ECB260266E804ECD97943545 /* PickleLinkKit.framework in Embed Frameworks */ = {isa = PBXBuildFile; fileRef = 11DCA3A85FE24F309E2CBBC0 /* PickleLinkKit.framework */; settings = {ATTRIBUTES = (CodeSignOnCopy, RemoveHeadersOnCopy, ); }; };
		0709618A474F4B298B8DA27E /* PickleLinkKitUI.framework in Embed Frameworks */ = {isa = PBXBuildFile; fileRef = 70B83BD17B254E94AFC71802 /* PickleLinkKitUI.framework */; settings = {ATTRIBUTES = (CodeSignOnCopy, RemoveHeadersOnCopy, ); }; };
		/* Medtronic build files */
		46F776AC41FB5101B5A854B9 /* AlarmClockReminderPumpEvent.swift in Sources */ = {isa = PBXBuildFile; fileRef = 4C5213559A1EC6D61B00DE59 /* AlarmClockReminderPumpEvent.swift */; };
		4F6FEA5DB677AE6CD7BE79A7 /* AlarmSensorPumpEvent.swift in Sources */ = {isa = PBXBuildFile; fileRef = C37DCCA858480445136C835A /* AlarmSensorPumpEvent.swift */; };
		76C6E1A4DA86363316832460 /* BGReceivedPumpEvent.swift in Sources */ = {isa = PBXBuildFile; fileRef = 43BD16D65DFCD43636BD9ED2 /* BGReceivedPumpEvent.swift */; };
		F30AF2DC1B8AD7E9971640F4 /* BasalProfileStartPumpEvent.swift in Sources */ = {isa = PBXBuildFile; fileRef = 943D18E246415B3DB0DE683F /* BasalProfileStartPumpEvent.swift */; };
		80DC4FA8FCDCB0CA7C1CCFCB /* BatteryPumpEvent.swift in Sources */ = {isa = PBXBuildFile; fileRef = 55AE087AB6D9C61C1216515D /* BatteryPumpEvent.swift */; };
		3579F914F2E9E23A14B59C3D /* BolusNormalPumpEvent.swift in Sources */ = {isa = PBXBuildFile; fileRef = C3031D61A5DD0C19511D719D /* BolusNormalPumpEvent.swift */; };
		A0AB3DF3F5D09C982BBFB5E2 /* BolusReminderPumpEvent.swift in Sources */ = {isa = PBXBuildFile; fileRef = E22C50C71F5BA949513D9E04 /* BolusReminderPumpEvent.swift */; };
		CAF6CAD63C529032EAE586BE /* BolusWizardEstimatePumpEvent.swift in Sources */ = {isa = PBXBuildFile; fileRef = D67B4E65670BEA4A8EDDFCBA /* BolusWizardEstimatePumpEvent.swift */; };
		A9465CD04DFF24CE48A2FA82 /* BolusWizardSetupPumpEvent.swift in Sources */ = {isa = PBXBuildFile; fileRef = 3F42CC13905E4EB2F9F56856 /* BolusWizardSetupPumpEvent.swift */; };
		EB5147F96222089EC91A573E /* CalBGForPHPumpEvent.swift in Sources */ = {isa = PBXBuildFile; fileRef = 85A061FC791FF7E99C761ECA /* CalBGForPHPumpEvent.swift */; };
		A6F5A2953FC869D18BF1E03F /* ChangeAlarmClockEnablePumpEvent.swift in Sources */ = {isa = PBXBuildFile; fileRef = A29B47ACE60C22C5C65C8F03 /* ChangeAlarmClockEnablePumpEvent.swift */; };
		E5D85FD995273A01737DC05F /* ChangeAlarmNotifyModePumpEvent.swift in Sources */ = {isa = PBXBuildFile; fileRef = 3E5C1AEF97E5014B92F8F181 /* ChangeAlarmNotifyModePumpEvent.swift */; };
		478E448FAC3DE3E6EE38EE70 /* ChangeAudioBolusPumpEvent.swift in Sources */ = {isa = PBXBuildFile; fileRef = 391C2DDFA7447E3B9E83A757 /* ChangeAudioBolusPumpEvent.swift */; };
		0A0CEF0F319630CF6E13F084 /* ChangeBGReminderEnablePumpEvent.swift in Sources */ = {isa = PBXBuildFile; fileRef = BC7EC5A710E7E679D5578807 /* ChangeBGReminderEnablePumpEvent.swift */; };
		1EC813600E3D2512896AC42A /* ChangeBGReminderOffsetPumpEvent.swift in Sources */ = {isa = PBXBuildFile; fileRef = A821FC8E6ED536080199698E /* ChangeBGReminderOffsetPumpEvent.swift */; };
		BA1A0439346BB4F15FC72DC3 /* ChangeBasalProfilePatternPumpEvent.swift in Sources */ = {isa = PBXBuildFile; fileRef = D4AA663C21A37B55FD75B796 /* ChangeBasalProfilePatternPumpEvent.swift */; };
		6BCE9803D59184FFE696EF90 /* ChangeBasalProfilePumpEvent.swift in Sources */ = {isa = PBXBuildFile; fileRef = 448ACDC74C17F2810957B155 /* ChangeBasalProfilePumpEvent.swift */; };
		24BB85EB1136FDDBDDCF2A83 /* ChangeBolusReminderEnablePumpEvent.swift in Sources */ = {isa = PBXBuildFile; fileRef = F162303D40DB8600794F1B6A /* ChangeBolusReminderEnablePumpEvent.swift */; };
		32217CAE04B19604C3DD183A /* ChangeBolusReminderTimePumpEvent.swift in Sources */ = {isa = PBXBuildFile; fileRef = E8E3688B038F1CCD070ADCAE /* ChangeBolusReminderTimePumpEvent.swift */; };
		1B72306F48680B449D4E4EA0 /* ChangeBolusScrollStepSizePumpEvent.swift in Sources */ = {isa = PBXBuildFile; fileRef = 9E0D909B3CEBB931425A031E /* ChangeBolusScrollStepSizePumpEvent.swift */; };
		DFB26DD7B760EAB2FA7A27AA /* ChangeBolusWizardSetupPumpEvent.swift in Sources */ = {isa = PBXBuildFile; fileRef = E195EFD23320B5CAF5EB3A49 /* ChangeBolusWizardSetupPumpEvent.swift */; };
		62BC654810835C8D7740A229 /* ChangeCaptureEventEnablePumpEvent.swift in Sources */ = {isa = PBXBuildFile; fileRef = 78A13E68CCC91C3C589BF029 /* ChangeCaptureEventEnablePumpEvent.swift */; };
		737CB74A62A6E466353B7104 /* ChangeCarbUnitsPumpEvent.swift in Sources */ = {isa = PBXBuildFile; fileRef = 3E86DF05E3B3F4C0510DDD6A /* ChangeCarbUnitsPumpEvent.swift */; };
		8BC3B1B5C29C9CAB59E766F1 /* ChangeChildBlockEnablePumpEvent.swift in Sources */ = {isa = PBXBuildFile; fileRef = 45AF5C38029B08CC5D4BD7DF /* ChangeChildBlockEnablePumpEvent.swift */; };
		CA606FE382C1C0452D177FB2 /* ChangeMaxBasalPumpEvent.swift in Sources */ = {isa = PBXBuildFile; fileRef = 6BCED349FADECC33E5E82EC7 /* ChangeMaxBasalPumpEvent.swift */; };
		C6A1BF430A454CAA73F27E6D /* ChangeMaxBolusPumpEvent.swift in Sources */ = {isa = PBXBuildFile; fileRef = 54ED038344E25AA7762A40F5 /* ChangeMaxBolusPumpEvent.swift */; };
		105DC5ED678B1A3C28D307C4 /* ChangeMeterIDPumpEvent.swift in Sources */ = {isa = PBXBuildFile; fileRef = 387FE9C2F5A94D5B058696A6 /* ChangeMeterIDPumpEvent.swift */; };
		715F5A5F034475E27963DF3B /* ChangeOtherDeviceIDPumpEvent.swift in Sources */ = {isa = PBXBuildFile; fileRef = 05D51BF59DC0C7FF75C51DA7 /* ChangeOtherDeviceIDPumpEvent.swift */; };
		ECD259BA96301686BD38D9C8 /* ChangeParadigmLinkIDPumpEvent.swift in Sources */ = {isa = PBXBuildFile; fileRef = 90A141E3F60AB84B1F6C4577 /* ChangeParadigmLinkIDPumpEvent.swift */; };
		78C1FC454FF54BFA80EC954F /* ChangeReservoirWarningTimePumpEvent.swift in Sources */ = {isa = PBXBuildFile; fileRef = 30A5530261296F29433B7C7B /* ChangeReservoirWarningTimePumpEvent.swift */; };
		342E3C0E0190D01773D01947 /* ChangeSensorAlarmSilenceConfigPumpEvent.swift in Sources */ = {isa = PBXBuildFile; fileRef = E9FAD5BA51822A4D4CDE8FFD /* ChangeSensorAlarmSilenceConfigPumpEvent.swift */; };
		20312CF62D1987824F2B21EC /* ChangeSensorRateOfChangeAlertSetupPumpEvent.swift in Sources */ = {isa = PBXBuildFile; fileRef = 15280934602C5F5F112C4650 /* ChangeSensorRateOfChangeAlertSetupPumpEvent.swift */; };
		DA424DD836779BACD6E38B43 /* ChangeSensorSetup2PumpEvent.swift in Sources */ = {isa = PBXBuildFile; fileRef = 11CCB771177705C8B7921D21 /* ChangeSensorSetup2PumpEvent.swift */; };
		3AF01DAD97C1E2718A819D35 /* ChangeTempBasalTypePumpEvent.swift in Sources */ = {isa = PBXBuildFile; fileRef = 8F07E1BD9499DFC24CA9ECCA /* ChangeTempBasalTypePumpEvent.swift */; };
		4B119357D23D81C4802E5BD0 /* ChangeTimeFormatPumpEvent.swift in Sources */ = {isa = PBXBuildFile; fileRef = 8D0ABC6982CE00AF9EF765A4 /* ChangeTimeFormatPumpEvent.swift */; };
		A3E823CE0E0B007918FC9D44 /* ChangeTimePumpEvent.swift in Sources */ = {isa = PBXBuildFile; fileRef = 1E03DAC5FBD05A0701351DD3 /* ChangeTimePumpEvent.swift */; };
		F823FF1CE278D62C4A204C59 /* ChangeVariableBolusPumpEvent.swift in Sources */ = {isa = PBXBuildFile; fileRef = E21B5A26A7961D584F830EB7 /* ChangeVariableBolusPumpEvent.swift */; };
		43E9B419F1EDD49EDEE02153 /* ChangeWatchdogEnablePumpEvent.swift in Sources */ = {isa = PBXBuildFile; fileRef = E9EC16868A3FE320ABEAD943 /* ChangeWatchdogEnablePumpEvent.swift */; };
		7B88834E154E28053D5A12BE /* ChangeWatchdogMarriageProfilePumpEvent.swift in Sources */ = {isa = PBXBuildFile; fileRef = B4E19E4B9506E0B7E3B76510 /* ChangeWatchdogMarriageProfilePumpEvent.swift */; };
		DFD6E9025C0E773796D52896 /* ClearAlarmPumpEvent.swift in Sources */ = {isa = PBXBuildFile; fileRef = A6EEB523C9EAFDECEB2286C0 /* ClearAlarmPumpEvent.swift */; };
		97F51788C9CCEEB662A7165B /* DailyTotal515PumpEvent.swift in Sources */ = {isa = PBXBuildFile; fileRef = F911712E9B1A047D7A63F3ED /* DailyTotal515PumpEvent.swift */; };
		8AD72407F572F07D35CFF658 /* DailyTotal522PumpEvent.swift in Sources */ = {isa = PBXBuildFile; fileRef = 13E2C708341C0179704EF436 /* DailyTotal522PumpEvent.swift */; };
		599CA6D5CE654E6DA853F209 /* DailyTotal523PumpEvent.swift in Sources */ = {isa = PBXBuildFile; fileRef = 1F7934DBFD553509F89ACE0A /* DailyTotal523PumpEvent.swift */; };
		3ED1ED0F5E53CA9649A26AB2 /* DeleteBolusReminderTimePumpEvent.swift in Sources */ = {isa = PBXBuildFile; fileRef = 036B2BBE63D95FA8026732FD /* DeleteBolusReminderTimePumpEvent.swift */; };
		F3CA72208C1654DBB6174615 /* DeleteOtherDeviceIDPumpEvent.swift in Sources */ = {isa = PBXBuildFile; fileRef = D4601D5165B45870D20EDC35 /* DeleteOtherDeviceIDPumpEvent.swift */; };
		D3F8401438292479A92623FD /* EnableBolusWizardPumpEvent.swift in Sources */ = {isa = PBXBuildFile; fileRef = 653E21FF12A5CB847104D7AC /* EnableBolusWizardPumpEvent.swift */; };
		D6B9EDD711AB8F4BF33F4F85 /* EnableDisableRemotePumpEvent.swift in Sources */ = {isa = PBXBuildFile; fileRef = 687496A8525D0470AC80B9B2 /* EnableDisableRemotePumpEvent.swift */; };
		D554F5088DBC77F89EE497EF /* JournalEntryExerciseMarkerPumpEvent.swift in Sources */ = {isa = PBXBuildFile; fileRef = 337721EE5CF21F71EA3CE14C /* JournalEntryExerciseMarkerPumpEvent.swift */; };
		EC38E1355E53E2EB0023F5BB /* JournalEntryInsulinMarkerPumpEvent.swift in Sources */ = {isa = PBXBuildFile; fileRef = B43A3A448E342060B8CE72C7 /* JournalEntryInsulinMarkerPumpEvent.swift */; };
		914C3A7D0C25D24844617980 /* JournalEntryMealMarkerPumpEvent.swift in Sources */ = {isa = PBXBuildFile; fileRef = 737DC5A3BAA14CF3F656AAD6 /* JournalEntryMealMarkerPumpEvent.swift */; };
		62969E995AFFE00BF689D1A6 /* JournalEntryPumpLowBatteryPumpEvent.swift in Sources */ = {isa = PBXBuildFile; fileRef = 590DD179C22B0C7DE179E052 /* JournalEntryPumpLowBatteryPumpEvent.swift */; };
		A427F4A75B8042B0D95994D6 /* JournalEntryPumpLowReservoirPumpEvent.swift in Sources */ = {isa = PBXBuildFile; fileRef = 135957AFF62981D63B955D8A /* JournalEntryPumpLowReservoirPumpEvent.swift */; };
		DCF715EF952CC59D41BDBC81 /* NewTimePumpEvent.swift in Sources */ = {isa = PBXBuildFile; fileRef = 9BB0DF3359E20635961F9A1B /* NewTimePumpEvent.swift */; };
		BE0CCE41B1FD07532CD9AE27 /* PlaceholderPumpEvent.swift in Sources */ = {isa = PBXBuildFile; fileRef = 2DD0D98D4644B77B628D0181 /* PlaceholderPumpEvent.swift */; };
		0411BEBF8972EA45FC556286 /* PrimePumpEvent.swift in Sources */ = {isa = PBXBuildFile; fileRef = 30C797B6897C765FC0936AA0 /* PrimePumpEvent.swift */; };
		F5BDD0B7D705016036464B68 /* PumpAlarmPumpEvent.swift in Sources */ = {isa = PBXBuildFile; fileRef = 52A36B819371CAEFBEB35922 /* PumpAlarmPumpEvent.swift */; };
		CC795B85A1860FA31DBB5050 /* PumpEvent.swift in Sources */ = {isa = PBXBuildFile; fileRef = ECEB783ADA6DB5F468EA156E /* PumpEvent.swift */; };
		179C05A9B6D9C0E81F1A5CD0 /* RestoreMystery54PumpEvent.swift in Sources */ = {isa = PBXBuildFile; fileRef = F194C6383E9BD4B4686F9CB8 /* RestoreMystery54PumpEvent.swift */; };
		CE51306AF2902CD45D37243D /* RestoreMystery55PumpEvent.swift in Sources */ = {isa = PBXBuildFile; fileRef = 802F321556F54727E852B8C7 /* RestoreMystery55PumpEvent.swift */; };
		8E684FC3B8C8AC06A067F76E /* ResultDailyTotalPumpEvent.swift in Sources */ = {isa = PBXBuildFile; fileRef = 062F257276277220945C1B16 /* ResultDailyTotalPumpEvent.swift */; };
		D224A9A0BC8B5CB345D3A8C8 /* ResumePumpEvent.swift in Sources */ = {isa = PBXBuildFile; fileRef = 401383FE16C5BC2A485901AE /* ResumePumpEvent.swift */; };
		F6B7F060F654EDA2A254B896 /* RewindPumpEvent.swift in Sources */ = {isa = PBXBuildFile; fileRef = 79996C4F968C5919F81CBC62 /* RewindPumpEvent.swift */; };
		37916DFB521F0EF89D578EC1 /* SelectBasalProfilePumpEvent.swift in Sources */ = {isa = PBXBuildFile; fileRef = 7B2FFF58F0C8ED176C09E8BE /* SelectBasalProfilePumpEvent.swift */; };
		BEB2680958D988E831CA4397 /* SuspendPumpEvent.swift in Sources */ = {isa = PBXBuildFile; fileRef = EBFD52E977618A3C48B3A589 /* SuspendPumpEvent.swift */; };
		BC6D97A062B3D5A5420A6E86 /* TempBasalDurationPumpEvent.swift in Sources */ = {isa = PBXBuildFile; fileRef = AFA9B3A5CF0A22A802614EBF /* TempBasalDurationPumpEvent.swift */; };
		2451A79248DB4458B733D722 /* TempBasalPumpEvent.swift in Sources */ = {isa = PBXBuildFile; fileRef = 3E9EDF42C099CDCF0A91EA74 /* TempBasalPumpEvent.swift */; };
		49361555687B104FC45CD2CF /* TimestampedPumpEvent.swift in Sources */ = {isa = PBXBuildFile; fileRef = 693E350DEBE13491473672C4 /* TimestampedPumpEvent.swift */; };
		60FE7B75775496ADD6AFD8A4 /* UnabsorbedInsulinPumpEvent.swift in Sources */ = {isa = PBXBuildFile; fileRef = 76B0F8DB38F45F978E371AAE /* UnabsorbedInsulinPumpEvent.swift */; };
		A9E6E550A078655DBFE4F635 /* UnknownPumpEvent57.swift in Sources */ = {isa = PBXBuildFile; fileRef = 40030A2978373A7215996EAE /* UnknownPumpEvent57.swift */; };
		1625C1005DE1846610511EF5 /* BasalSchedule.swift in Sources */ = {isa = PBXBuildFile; fileRef = 79ABAE0E8F7ACA3559D32B66 /* BasalSchedule.swift */; };
		440F2AFC531F8890851709C4 /* MedtronicCRC16.swift in Sources */ = {isa = PBXBuildFile; fileRef = 6EF136C2D1C7A07E2EB3FC7F /* MedtronicCRC16.swift */; };
		6FCF2DD8BB3E1AFF9EF538DB /* DictionaryRepresentable.swift in Sources */ = {isa = PBXBuildFile; fileRef = F62A8117F133DC992285325E /* DictionaryRepresentable.swift */; };
		0CD793FFC0E0A643EA1FC020 /* HistoryPage.swift in Sources */ = {isa = PBXBuildFile; fileRef = 2E480C8D85B8B3F9A5896F05 /* HistoryPage.swift */; };
		0C77E0E529B775897D80F1BD /* PumpEventType.swift in Sources */ = {isa = PBXBuildFile; fileRef = 6440C59486E47314479D7B0C /* PumpEventType.swift */; };
		7BE042FCA84E80E306B1CED9 /* TimestampedHistoryEvent.swift in Sources */ = {isa = PBXBuildFile; fileRef = 2A38F90FAFCBE4E1BC06C490 /* TimestampedHistoryEvent.swift */; };
		75A43C83184966D214BD7670 /* PumpModel.swift in Sources */ = {isa = PBXBuildFile; fileRef = 42A5FC8918EFA521CAC3398D /* PumpModel.swift */; };
		873B129D4EE2649E47EE52AC /* SuspendState.swift in Sources */ = {isa = PBXBuildFile; fileRef = DCB4E4C2F0786E49DD3EF3FF /* SuspendState.swift */; };
		1EBE622462EBB0BA0924B384 /* UnfinalizedDose.swift in Sources */ = {isa = PBXBuildFile; fileRef = 0EFB53326342FCE4D052F345 /* UnfinalizedDose.swift */; };
		2F8A571780E99BAF1B3A8641 /* DoseStore.swift in Sources */ = {isa = PBXBuildFile; fileRef = 949355D7B5147C1357EC9509 /* DoseStore.swift */; };
		58AC29A6FEE8AFFC13A21D3F /* HistoryPage+PumpOpsSession.swift in Sources */ = {isa = PBXBuildFile; fileRef = 67A21A2ACFD55A3A1BB4DAEF /* HistoryPage+PumpOpsSession.swift */; };
		17F8E5FD624C60EEE67B4E60 /* Data.swift in Sources */ = {isa = PBXBuildFile; fileRef = 9CE0ED9E174E7562193ACE34 /* Data.swift */; };
		E88243189F37C5C2B5C60A27 /* ISO8601DateFormatter.swift in Sources */ = {isa = PBXBuildFile; fileRef = AB4D1CADFE65EDAE722BC346 /* ISO8601DateFormatter.swift */; };
		FE56F9332A13F46AF256D7C8 /* Int.swift in Sources */ = {isa = PBXBuildFile; fileRef = 7CC729173285F332C01A3D89 /* Int.swift */; };
		3D51EE1E5570D51E193320A4 /* NSDateComponents.swift in Sources */ = {isa = PBXBuildFile; fileRef = E3C50C9C933942548B961C5E /* NSDateComponents.swift */; };
		B1CBEDF10DA9BE62F06C7943 /* TimeInterval.swift in Sources */ = {isa = PBXBuildFile; fileRef = 9E4F6E0830D154372E69A9A6 /* TimeInterval.swift */; };
		7A441E6B1782B2BC3ABA8B14 /* MedtronicLocalizedString.swift in Sources */ = {isa = PBXBuildFile; fileRef = 989D033F6C69880F3C46E7E1 /* MedtronicLocalizedString.swift */; };
/* End PBXBuildFile section */

/* Begin PBXCopyFilesBuildPhase section */
		3CA96A45F55C4813A83D8A70 /* Embed Frameworks */ = {
			isa = PBXCopyFilesBuildPhase;
			buildActionMask = 2147483647;
			dstPath = "";
			dstSubfolderSpec = 10;
			files = (
				ECB260266E804ECD97943545 /* PickleLinkKit.framework in Embed Frameworks */,
				0709618A474F4B298B8DA27E /* PickleLinkKitUI.framework in Embed Frameworks */,
			);
			name = "Embed Frameworks";
			runOnlyForDeploymentPostprocessing = 0;
		};
/* End PBXCopyFilesBuildPhase section */

/* Begin PBXFileReference section */
		/* Products */
		11DCA3A85FE24F309E2CBBC0 /* PickleLinkKit.framework */ = {isa = PBXFileReference; explicitFileType = wrapper.framework; includeInIndex = 0; path = PickleLinkKit.framework; sourceTree = BUILT_PRODUCTS_DIR; };
		70B83BD17B254E94AFC71802 /* PickleLinkKitUI.framework */ = {isa = PBXFileReference; explicitFileType = wrapper.framework; includeInIndex = 0; path = PickleLinkKitUI.framework; sourceTree = BUILT_PRODUCTS_DIR; };
		F21EB464C7954985B020C4B9 /* PickleLinkKitPlugin.loopplugin */ = {isa = PBXFileReference; explicitFileType = wrapper.framework; includeInIndex = 0; path = PickleLinkKitPlugin.loopplugin; sourceTree = BUILT_PRODUCTS_DIR; };
		/* External framework refs (from workspace BUILT_PRODUCTS_DIR) */
		52863A23AFB446CA90C2DFF5 /* LoopKit.framework */ = {isa = PBXFileReference; explicitFileType = wrapper.framework; path = LoopKit.framework; sourceTree = BUILT_PRODUCTS_DIR; };
		8E68EACAB44D438EBA600D7B /* LoopKitUI.framework */ = {isa = PBXFileReference; explicitFileType = wrapper.framework; path = LoopKitUI.framework; sourceTree = BUILT_PRODUCTS_DIR; };
		5600FEC9FA7242788D398EAA /* MinimedKit.framework */ = {isa = PBXFileReference; explicitFileType = wrapper.framework; path = MinimedKit.framework; sourceTree = BUILT_PRODUCTS_DIR; };
		/* PickleLinkKit core sources */
		2155C493064F460BA4A218E6 /* PickleLinkBLEManager.swift */ = {isa = PBXFileReference; fileEncoding = 4; lastKnownFileType = sourcecode.swift; path = PickleLinkBLEManager.swift; sourceTree = "<group>"; };
		7737EBF99A7A4AD1A97E05D0 /* PickleLinkPeripheral.swift */ = {isa = PBXFileReference; fileEncoding = 4; lastKnownFileType = sourcecode.swift; path = PickleLinkPeripheral.swift; sourceTree = "<group>"; };
		9E80A0BB3B174AA4863E8060 /* PickleLinkUUIDs.swift */ = {isa = PBXFileReference; fileEncoding = 4; lastKnownFileType = sourcecode.swift; path = PickleLinkUUIDs.swift; sourceTree = "<group>"; };
		42DD7854C7A746B885C7FB33 /* CommandSession.swift */ = {isa = PBXFileReference; fileEncoding = 4; lastKnownFileType = sourcecode.swift; path = CommandSession.swift; sourceTree = "<group>"; };
		101EDB9F40C047B793C327D7 /* CommandTransport.swift */ = {isa = PBXFileReference; fileEncoding = 4; lastKnownFileType = sourcecode.swift; path = CommandTransport.swift; sourceTree = "<group>"; };
		9DE0EC7FEA174FFD8EA0D7C6 /* SmartBridgeCommand.swift */ = {isa = PBXFileReference; fileEncoding = 4; lastKnownFileType = sourcecode.swift; path = SmartBridgeCommand.swift; sourceTree = "<group>"; };
		9F80BF0F34A146D0B82643FA /* SmartBridgeResponse.swift */ = {isa = PBXFileReference; fileEncoding = 4; lastKnownFileType = sourcecode.swift; path = SmartBridgeResponse.swift; sourceTree = "<group>"; };
		D671AD8E08BD4462AE93CB17 /* SmartBridgeStatus.swift */ = {isa = PBXFileReference; fileEncoding = 4; lastKnownFileType = sourcecode.swift; path = SmartBridgeStatus.swift; sourceTree = "<group>"; };
		3AA440849B814B28AE3F01DC /* StatusEvent.swift */ = {isa = PBXFileReference; fileEncoding = 4; lastKnownFileType = sourcecode.swift; path = StatusEvent.swift; sourceTree = "<group>"; };
		PL04000000000011 /* BridgeLogEntry.swift */ = {isa = PBXFileReference; fileEncoding = 4; lastKnownFileType = sourcecode.swift; path = BridgeLogEntry.swift; sourceTree = "<group>"; };
		AA25CFCEC1BE4880B9CC8A28 /* PickleLinkClient.swift */ = {isa = PBXFileReference; fileEncoding = 4; lastKnownFileType = sourcecode.swift; path = PickleLinkClient.swift; sourceTree = "<group>"; };
		2439508ECB4948B4BCFDA0EF /* DoseProgressEstimator.swift */ = {isa = PBXFileReference; fileEncoding = 4; lastKnownFileType = sourcecode.swift; path = DoseProgressEstimator.swift; sourceTree = "<group>"; };
		2CC07258D99F4B5684266A9F /* HistorySync.swift */ = {isa = PBXFileReference; fileEncoding = 4; lastKnownFileType = sourcecode.swift; path = HistorySync.swift; sourceTree = "<group>"; };
		PL03000000000011 /* CRC16.swift */ = {isa = PBXFileReference; fileEncoding = 4; lastKnownFileType = sourcecode.swift; path = CRC16.swift; sourceTree = "<group>"; };
		3272B2FB81714D1EB337C259 /* PickleLinkConversions.swift */ = {isa = PBXFileReference; fileEncoding = 4; lastKnownFileType = sourcecode.swift; path = PickleLinkConversions.swift; sourceTree = "<group>"; };
		27CDC9ACB78A42E9B788DDFF /* PickleLinkPumpManager.swift */ = {isa = PBXFileReference; fileEncoding = 4; lastKnownFileType = sourcecode.swift; path = PickleLinkPumpManager.swift; sourceTree = "<group>"; };
		B0C34C783FB54436836A97EC /* PickleLinkPumpManagerState.swift */ = {isa = PBXFileReference; fileEncoding = 4; lastKnownFileType = sourcecode.swift; path = PickleLinkPumpManagerState.swift; sourceTree = "<group>"; };
		/* PickleLinkKitUI sources */
		06DA76A647E64DC6BAB1851F /* PickleLinkPumpManager+UI.swift */ = {isa = PBXFileReference; fileEncoding = 4; lastKnownFileType = sourcecode.swift; path = "PickleLinkPumpManager+UI.swift"; sourceTree = "<group>"; };
		F2E4DF2791DC47208A41AE02 /* PickleLinkUICoordinator.swift */ = {isa = PBXFileReference; fileEncoding = 4; lastKnownFileType = sourcecode.swift; path = PickleLinkUICoordinator.swift; sourceTree = "<group>"; };
		AF268CF407524F83870B8D33 /* SetupModel.swift */ = {isa = PBXFileReference; fileEncoding = 4; lastKnownFileType = sourcecode.swift; path = SetupModel.swift; sourceTree = "<group>"; };
		A5E039C4A954496AAA59340D /* PickleLinkSettingsView.swift */ = {isa = PBXFileReference; fileEncoding = 4; lastKnownFileType = sourcecode.swift; path = PickleLinkSettingsView.swift; sourceTree = "<group>"; };
		PL02000000000011 /* PickleLinkNativeSettingsView.swift */ = {isa = PBXFileReference; fileEncoding = 4; lastKnownFileType = sourcecode.swift; path = PickleLinkNativeSettingsView.swift; sourceTree = "<group>"; };
		PL02000000000012 /* PickleLinkSettingsViewModel.swift */ = {isa = PBXFileReference; fileEncoding = 4; lastKnownFileType = sourcecode.swift; path = PickleLinkSettingsViewModel.swift; sourceTree = "<group>"; };
		PL02000000000013 /* PickleLinkListDataSource.swift */ = {isa = PBXFileReference; fileEncoding = 4; lastKnownFileType = sourcecode.swift; path = PickleLinkListDataSource.swift; sourceTree = "<group>"; };
		PL02000000000014 /* PickleLinkDeviceDetailView.swift */ = {isa = PBXFileReference; fileEncoding = 4; lastKnownFileType = sourcecode.swift; path = PickleLinkDeviceDetailView.swift; sourceTree = "<group>"; };
		PL04000000000012 /* PickleLinkBridgeLogView.swift */ = {isa = PBXFileReference; fileEncoding = 4; lastKnownFileType = sourcecode.swift; path = PickleLinkBridgeLogView.swift; sourceTree = "<group>"; };
		02EE2FB045D74179A28D781B /* FrequencyView.swift */ = {isa = PBXFileReference; fileEncoding = 4; lastKnownFileType = sourcecode.swift; path = FrequencyView.swift; sourceTree = "<group>"; };
		586DE0EF6366454EA8944116 /* PairingView.swift */ = {isa = PBXFileReference; fileEncoding = 4; lastKnownFileType = sourcecode.swift; path = PairingView.swift; sourceTree = "<group>"; };
		9315FB7A718044528CE6BE4A /* PumpIDEntryView.swift */ = {isa = PBXFileReference; fileEncoding = 4; lastKnownFileType = sourcecode.swift; path = PumpIDEntryView.swift; sourceTree = "<group>"; };
		AF0B8AC5778245429BA42845 /* ScanView.swift */ = {isa = PBXFileReference; fileEncoding = 4; lastKnownFileType = sourcecode.swift; path = ScanView.swift; sourceTree = "<group>"; };
		EDD2C9A8F92547FC9F66651D /* SetupCompleteView.swift */ = {isa = PBXFileReference; fileEncoding = 4; lastKnownFileType = sourcecode.swift; path = SetupCompleteView.swift; sourceTree = "<group>"; };
		/* PickleLinkKitPlugin sources */
		CE77CB86C2404936B902A9FC /* PickleLinkPlugin.swift */ = {isa = PBXFileReference; fileEncoding = 4; lastKnownFileType = sourcecode.swift; path = PickleLinkPlugin.swift; sourceTree = "<group>"; };
		ECE5D613E2C6442EBFEEF50A /* Info.plist */ = {isa = PBXFileReference; fileEncoding = 4; lastKnownFileType = text.plist.xml; path = Info.plist; sourceTree = "<group>"; };
		/* Medtronic sources */
		4C5213559A1EC6D61B00DE59 /* AlarmClockReminderPumpEvent.swift */ = {isa = PBXFileReference; fileEncoding = 4; lastKnownFileType = sourcecode.swift; path = AlarmClockReminderPumpEvent.swift; sourceTree = "<group>"; };
		C37DCCA858480445136C835A /* AlarmSensorPumpEvent.swift */ = {isa = PBXFileReference; fileEncoding = 4; lastKnownFileType = sourcecode.swift; path = AlarmSensorPumpEvent.swift; sourceTree = "<group>"; };
		43BD16D65DFCD43636BD9ED2 /* BGReceivedPumpEvent.swift */ = {isa = PBXFileReference; fileEncoding = 4; lastKnownFileType = sourcecode.swift; path = BGReceivedPumpEvent.swift; sourceTree = "<group>"; };
		943D18E246415B3DB0DE683F /* BasalProfileStartPumpEvent.swift */ = {isa = PBXFileReference; fileEncoding = 4; lastKnownFileType = sourcecode.swift; path = BasalProfileStartPumpEvent.swift; sourceTree = "<group>"; };
		55AE087AB6D9C61C1216515D /* BatteryPumpEvent.swift */ = {isa = PBXFileReference; fileEncoding = 4; lastKnownFileType = sourcecode.swift; path = BatteryPumpEvent.swift; sourceTree = "<group>"; };
		C3031D61A5DD0C19511D719D /* BolusNormalPumpEvent.swift */ = {isa = PBXFileReference; fileEncoding = 4; lastKnownFileType = sourcecode.swift; path = BolusNormalPumpEvent.swift; sourceTree = "<group>"; };
		E22C50C71F5BA949513D9E04 /* BolusReminderPumpEvent.swift */ = {isa = PBXFileReference; fileEncoding = 4; lastKnownFileType = sourcecode.swift; path = BolusReminderPumpEvent.swift; sourceTree = "<group>"; };
		D67B4E65670BEA4A8EDDFCBA /* BolusWizardEstimatePumpEvent.swift */ = {isa = PBXFileReference; fileEncoding = 4; lastKnownFileType = sourcecode.swift; path = BolusWizardEstimatePumpEvent.swift; sourceTree = "<group>"; };
		3F42CC13905E4EB2F9F56856 /* BolusWizardSetupPumpEvent.swift */ = {isa = PBXFileReference; fileEncoding = 4; lastKnownFileType = sourcecode.swift; path = BolusWizardSetupPumpEvent.swift; sourceTree = "<group>"; };
		85A061FC791FF7E99C761ECA /* CalBGForPHPumpEvent.swift */ = {isa = PBXFileReference; fileEncoding = 4; lastKnownFileType = sourcecode.swift; path = CalBGForPHPumpEvent.swift; sourceTree = "<group>"; };
		A29B47ACE60C22C5C65C8F03 /* ChangeAlarmClockEnablePumpEvent.swift */ = {isa = PBXFileReference; fileEncoding = 4; lastKnownFileType = sourcecode.swift; path = ChangeAlarmClockEnablePumpEvent.swift; sourceTree = "<group>"; };
		3E5C1AEF97E5014B92F8F181 /* ChangeAlarmNotifyModePumpEvent.swift */ = {isa = PBXFileReference; fileEncoding = 4; lastKnownFileType = sourcecode.swift; path = ChangeAlarmNotifyModePumpEvent.swift; sourceTree = "<group>"; };
		391C2DDFA7447E3B9E83A757 /* ChangeAudioBolusPumpEvent.swift */ = {isa = PBXFileReference; fileEncoding = 4; lastKnownFileType = sourcecode.swift; path = ChangeAudioBolusPumpEvent.swift; sourceTree = "<group>"; };
		BC7EC5A710E7E679D5578807 /* ChangeBGReminderEnablePumpEvent.swift */ = {isa = PBXFileReference; fileEncoding = 4; lastKnownFileType = sourcecode.swift; path = ChangeBGReminderEnablePumpEvent.swift; sourceTree = "<group>"; };
		A821FC8E6ED536080199698E /* ChangeBGReminderOffsetPumpEvent.swift */ = {isa = PBXFileReference; fileEncoding = 4; lastKnownFileType = sourcecode.swift; path = ChangeBGReminderOffsetPumpEvent.swift; sourceTree = "<group>"; };
		D4AA663C21A37B55FD75B796 /* ChangeBasalProfilePatternPumpEvent.swift */ = {isa = PBXFileReference; fileEncoding = 4; lastKnownFileType = sourcecode.swift; path = ChangeBasalProfilePatternPumpEvent.swift; sourceTree = "<group>"; };
		448ACDC74C17F2810957B155 /* ChangeBasalProfilePumpEvent.swift */ = {isa = PBXFileReference; fileEncoding = 4; lastKnownFileType = sourcecode.swift; path = ChangeBasalProfilePumpEvent.swift; sourceTree = "<group>"; };
		F162303D40DB8600794F1B6A /* ChangeBolusReminderEnablePumpEvent.swift */ = {isa = PBXFileReference; fileEncoding = 4; lastKnownFileType = sourcecode.swift; path = ChangeBolusReminderEnablePumpEvent.swift; sourceTree = "<group>"; };
		E8E3688B038F1CCD070ADCAE /* ChangeBolusReminderTimePumpEvent.swift */ = {isa = PBXFileReference; fileEncoding = 4; lastKnownFileType = sourcecode.swift; path = ChangeBolusReminderTimePumpEvent.swift; sourceTree = "<group>"; };
		9E0D909B3CEBB931425A031E /* ChangeBolusScrollStepSizePumpEvent.swift */ = {isa = PBXFileReference; fileEncoding = 4; lastKnownFileType = sourcecode.swift; path = ChangeBolusScrollStepSizePumpEvent.swift; sourceTree = "<group>"; };
		E195EFD23320B5CAF5EB3A49 /* ChangeBolusWizardSetupPumpEvent.swift */ = {isa = PBXFileReference; fileEncoding = 4; lastKnownFileType = sourcecode.swift; path = ChangeBolusWizardSetupPumpEvent.swift; sourceTree = "<group>"; };
		78A13E68CCC91C3C589BF029 /* ChangeCaptureEventEnablePumpEvent.swift */ = {isa = PBXFileReference; fileEncoding = 4; lastKnownFileType = sourcecode.swift; path = ChangeCaptureEventEnablePumpEvent.swift; sourceTree = "<group>"; };
		3E86DF05E3B3F4C0510DDD6A /* ChangeCarbUnitsPumpEvent.swift */ = {isa = PBXFileReference; fileEncoding = 4; lastKnownFileType = sourcecode.swift; path = ChangeCarbUnitsPumpEvent.swift; sourceTree = "<group>"; };
		45AF5C38029B08CC5D4BD7DF /* ChangeChildBlockEnablePumpEvent.swift */ = {isa = PBXFileReference; fileEncoding = 4; lastKnownFileType = sourcecode.swift; path = ChangeChildBlockEnablePumpEvent.swift; sourceTree = "<group>"; };
		6BCED349FADECC33E5E82EC7 /* ChangeMaxBasalPumpEvent.swift */ = {isa = PBXFileReference; fileEncoding = 4; lastKnownFileType = sourcecode.swift; path = ChangeMaxBasalPumpEvent.swift; sourceTree = "<group>"; };
		54ED038344E25AA7762A40F5 /* ChangeMaxBolusPumpEvent.swift */ = {isa = PBXFileReference; fileEncoding = 4; lastKnownFileType = sourcecode.swift; path = ChangeMaxBolusPumpEvent.swift; sourceTree = "<group>"; };
		387FE9C2F5A94D5B058696A6 /* ChangeMeterIDPumpEvent.swift */ = {isa = PBXFileReference; fileEncoding = 4; lastKnownFileType = sourcecode.swift; path = ChangeMeterIDPumpEvent.swift; sourceTree = "<group>"; };
		05D51BF59DC0C7FF75C51DA7 /* ChangeOtherDeviceIDPumpEvent.swift */ = {isa = PBXFileReference; fileEncoding = 4; lastKnownFileType = sourcecode.swift; path = ChangeOtherDeviceIDPumpEvent.swift; sourceTree = "<group>"; };
		90A141E3F60AB84B1F6C4577 /* ChangeParadigmLinkIDPumpEvent.swift */ = {isa = PBXFileReference; fileEncoding = 4; lastKnownFileType = sourcecode.swift; path = ChangeParadigmLinkIDPumpEvent.swift; sourceTree = "<group>"; };
		30A5530261296F29433B7C7B /* ChangeReservoirWarningTimePumpEvent.swift */ = {isa = PBXFileReference; fileEncoding = 4; lastKnownFileType = sourcecode.swift; path = ChangeReservoirWarningTimePumpEvent.swift; sourceTree = "<group>"; };
		E9FAD5BA51822A4D4CDE8FFD /* ChangeSensorAlarmSilenceConfigPumpEvent.swift */ = {isa = PBXFileReference; fileEncoding = 4; lastKnownFileType = sourcecode.swift; path = ChangeSensorAlarmSilenceConfigPumpEvent.swift; sourceTree = "<group>"; };
		15280934602C5F5F112C4650 /* ChangeSensorRateOfChangeAlertSetupPumpEvent.swift */ = {isa = PBXFileReference; fileEncoding = 4; lastKnownFileType = sourcecode.swift; path = ChangeSensorRateOfChangeAlertSetupPumpEvent.swift; sourceTree = "<group>"; };
		11CCB771177705C8B7921D21 /* ChangeSensorSetup2PumpEvent.swift */ = {isa = PBXFileReference; fileEncoding = 4; lastKnownFileType = sourcecode.swift; path = ChangeSensorSetup2PumpEvent.swift; sourceTree = "<group>"; };
		8F07E1BD9499DFC24CA9ECCA /* ChangeTempBasalTypePumpEvent.swift */ = {isa = PBXFileReference; fileEncoding = 4; lastKnownFileType = sourcecode.swift; path = ChangeTempBasalTypePumpEvent.swift; sourceTree = "<group>"; };
		8D0ABC6982CE00AF9EF765A4 /* ChangeTimeFormatPumpEvent.swift */ = {isa = PBXFileReference; fileEncoding = 4; lastKnownFileType = sourcecode.swift; path = ChangeTimeFormatPumpEvent.swift; sourceTree = "<group>"; };
		1E03DAC5FBD05A0701351DD3 /* ChangeTimePumpEvent.swift */ = {isa = PBXFileReference; fileEncoding = 4; lastKnownFileType = sourcecode.swift; path = ChangeTimePumpEvent.swift; sourceTree = "<group>"; };
		E21B5A26A7961D584F830EB7 /* ChangeVariableBolusPumpEvent.swift */ = {isa = PBXFileReference; fileEncoding = 4; lastKnownFileType = sourcecode.swift; path = ChangeVariableBolusPumpEvent.swift; sourceTree = "<group>"; };
		E9EC16868A3FE320ABEAD943 /* ChangeWatchdogEnablePumpEvent.swift */ = {isa = PBXFileReference; fileEncoding = 4; lastKnownFileType = sourcecode.swift; path = ChangeWatchdogEnablePumpEvent.swift; sourceTree = "<group>"; };
		B4E19E4B9506E0B7E3B76510 /* ChangeWatchdogMarriageProfilePumpEvent.swift */ = {isa = PBXFileReference; fileEncoding = 4; lastKnownFileType = sourcecode.swift; path = ChangeWatchdogMarriageProfilePumpEvent.swift; sourceTree = "<group>"; };
		A6EEB523C9EAFDECEB2286C0 /* ClearAlarmPumpEvent.swift */ = {isa = PBXFileReference; fileEncoding = 4; lastKnownFileType = sourcecode.swift; path = ClearAlarmPumpEvent.swift; sourceTree = "<group>"; };
		F911712E9B1A047D7A63F3ED /* DailyTotal515PumpEvent.swift */ = {isa = PBXFileReference; fileEncoding = 4; lastKnownFileType = sourcecode.swift; path = DailyTotal515PumpEvent.swift; sourceTree = "<group>"; };
		13E2C708341C0179704EF436 /* DailyTotal522PumpEvent.swift */ = {isa = PBXFileReference; fileEncoding = 4; lastKnownFileType = sourcecode.swift; path = DailyTotal522PumpEvent.swift; sourceTree = "<group>"; };
		1F7934DBFD553509F89ACE0A /* DailyTotal523PumpEvent.swift */ = {isa = PBXFileReference; fileEncoding = 4; lastKnownFileType = sourcecode.swift; path = DailyTotal523PumpEvent.swift; sourceTree = "<group>"; };
		036B2BBE63D95FA8026732FD /* DeleteBolusReminderTimePumpEvent.swift */ = {isa = PBXFileReference; fileEncoding = 4; lastKnownFileType = sourcecode.swift; path = DeleteBolusReminderTimePumpEvent.swift; sourceTree = "<group>"; };
		D4601D5165B45870D20EDC35 /* DeleteOtherDeviceIDPumpEvent.swift */ = {isa = PBXFileReference; fileEncoding = 4; lastKnownFileType = sourcecode.swift; path = DeleteOtherDeviceIDPumpEvent.swift; sourceTree = "<group>"; };
		653E21FF12A5CB847104D7AC /* EnableBolusWizardPumpEvent.swift */ = {isa = PBXFileReference; fileEncoding = 4; lastKnownFileType = sourcecode.swift; path = EnableBolusWizardPumpEvent.swift; sourceTree = "<group>"; };
		687496A8525D0470AC80B9B2 /* EnableDisableRemotePumpEvent.swift */ = {isa = PBXFileReference; fileEncoding = 4; lastKnownFileType = sourcecode.swift; path = EnableDisableRemotePumpEvent.swift; sourceTree = "<group>"; };
		337721EE5CF21F71EA3CE14C /* JournalEntryExerciseMarkerPumpEvent.swift */ = {isa = PBXFileReference; fileEncoding = 4; lastKnownFileType = sourcecode.swift; path = JournalEntryExerciseMarkerPumpEvent.swift; sourceTree = "<group>"; };
		B43A3A448E342060B8CE72C7 /* JournalEntryInsulinMarkerPumpEvent.swift */ = {isa = PBXFileReference; fileEncoding = 4; lastKnownFileType = sourcecode.swift; path = JournalEntryInsulinMarkerPumpEvent.swift; sourceTree = "<group>"; };
		737DC5A3BAA14CF3F656AAD6 /* JournalEntryMealMarkerPumpEvent.swift */ = {isa = PBXFileReference; fileEncoding = 4; lastKnownFileType = sourcecode.swift; path = JournalEntryMealMarkerPumpEvent.swift; sourceTree = "<group>"; };
		590DD179C22B0C7DE179E052 /* JournalEntryPumpLowBatteryPumpEvent.swift */ = {isa = PBXFileReference; fileEncoding = 4; lastKnownFileType = sourcecode.swift; path = JournalEntryPumpLowBatteryPumpEvent.swift; sourceTree = "<group>"; };
		135957AFF62981D63B955D8A /* JournalEntryPumpLowReservoirPumpEvent.swift */ = {isa = PBXFileReference; fileEncoding = 4; lastKnownFileType = sourcecode.swift; path = JournalEntryPumpLowReservoirPumpEvent.swift; sourceTree = "<group>"; };
		9BB0DF3359E20635961F9A1B /* NewTimePumpEvent.swift */ = {isa = PBXFileReference; fileEncoding = 4; lastKnownFileType = sourcecode.swift; path = NewTimePumpEvent.swift; sourceTree = "<group>"; };
		2DD0D98D4644B77B628D0181 /* PlaceholderPumpEvent.swift */ = {isa = PBXFileReference; fileEncoding = 4; lastKnownFileType = sourcecode.swift; path = PlaceholderPumpEvent.swift; sourceTree = "<group>"; };
		30C797B6897C765FC0936AA0 /* PrimePumpEvent.swift */ = {isa = PBXFileReference; fileEncoding = 4; lastKnownFileType = sourcecode.swift; path = PrimePumpEvent.swift; sourceTree = "<group>"; };
		52A36B819371CAEFBEB35922 /* PumpAlarmPumpEvent.swift */ = {isa = PBXFileReference; fileEncoding = 4; lastKnownFileType = sourcecode.swift; path = PumpAlarmPumpEvent.swift; sourceTree = "<group>"; };
		ECEB783ADA6DB5F468EA156E /* PumpEvent.swift */ = {isa = PBXFileReference; fileEncoding = 4; lastKnownFileType = sourcecode.swift; path = PumpEvent.swift; sourceTree = "<group>"; };
		F194C6383E9BD4B4686F9CB8 /* RestoreMystery54PumpEvent.swift */ = {isa = PBXFileReference; fileEncoding = 4; lastKnownFileType = sourcecode.swift; path = RestoreMystery54PumpEvent.swift; sourceTree = "<group>"; };
		802F321556F54727E852B8C7 /* RestoreMystery55PumpEvent.swift */ = {isa = PBXFileReference; fileEncoding = 4; lastKnownFileType = sourcecode.swift; path = RestoreMystery55PumpEvent.swift; sourceTree = "<group>"; };
		062F257276277220945C1B16 /* ResultDailyTotalPumpEvent.swift */ = {isa = PBXFileReference; fileEncoding = 4; lastKnownFileType = sourcecode.swift; path = ResultDailyTotalPumpEvent.swift; sourceTree = "<group>"; };
		401383FE16C5BC2A485901AE /* ResumePumpEvent.swift */ = {isa = PBXFileReference; fileEncoding = 4; lastKnownFileType = sourcecode.swift; path = ResumePumpEvent.swift; sourceTree = "<group>"; };
		79996C4F968C5919F81CBC62 /* RewindPumpEvent.swift */ = {isa = PBXFileReference; fileEncoding = 4; lastKnownFileType = sourcecode.swift; path = RewindPumpEvent.swift; sourceTree = "<group>"; };
		7B2FFF58F0C8ED176C09E8BE /* SelectBasalProfilePumpEvent.swift */ = {isa = PBXFileReference; fileEncoding = 4; lastKnownFileType = sourcecode.swift; path = SelectBasalProfilePumpEvent.swift; sourceTree = "<group>"; };
		EBFD52E977618A3C48B3A589 /* SuspendPumpEvent.swift */ = {isa = PBXFileReference; fileEncoding = 4; lastKnownFileType = sourcecode.swift; path = SuspendPumpEvent.swift; sourceTree = "<group>"; };
		AFA9B3A5CF0A22A802614EBF /* TempBasalDurationPumpEvent.swift */ = {isa = PBXFileReference; fileEncoding = 4; lastKnownFileType = sourcecode.swift; path = TempBasalDurationPumpEvent.swift; sourceTree = "<group>"; };
		3E9EDF42C099CDCF0A91EA74 /* TempBasalPumpEvent.swift */ = {isa = PBXFileReference; fileEncoding = 4; lastKnownFileType = sourcecode.swift; path = TempBasalPumpEvent.swift; sourceTree = "<group>"; };
		693E350DEBE13491473672C4 /* TimestampedPumpEvent.swift */ = {isa = PBXFileReference; fileEncoding = 4; lastKnownFileType = sourcecode.swift; path = TimestampedPumpEvent.swift; sourceTree = "<group>"; };
		76B0F8DB38F45F978E371AAE /* UnabsorbedInsulinPumpEvent.swift */ = {isa = PBXFileReference; fileEncoding = 4; lastKnownFileType = sourcecode.swift; path = UnabsorbedInsulinPumpEvent.swift; sourceTree = "<group>"; };
		40030A2978373A7215996EAE /* UnknownPumpEvent57.swift */ = {isa = PBXFileReference; fileEncoding = 4; lastKnownFileType = sourcecode.swift; path = UnknownPumpEvent57.swift; sourceTree = "<group>"; };
		79ABAE0E8F7ACA3559D32B66 /* BasalSchedule.swift */ = {isa = PBXFileReference; fileEncoding = 4; lastKnownFileType = sourcecode.swift; path = BasalSchedule.swift; sourceTree = "<group>"; };
		6EF136C2D1C7A07E2EB3FC7F /* MedtronicCRC16.swift */ = {isa = PBXFileReference; fileEncoding = 4; lastKnownFileType = sourcecode.swift; path = MedtronicCRC16.swift; sourceTree = "<group>"; };
		F62A8117F133DC992285325E /* DictionaryRepresentable.swift */ = {isa = PBXFileReference; fileEncoding = 4; lastKnownFileType = sourcecode.swift; path = DictionaryRepresentable.swift; sourceTree = "<group>"; };
		2E480C8D85B8B3F9A5896F05 /* HistoryPage.swift */ = {isa = PBXFileReference; fileEncoding = 4; lastKnownFileType = sourcecode.swift; path = HistoryPage.swift; sourceTree = "<group>"; };
		6440C59486E47314479D7B0C /* PumpEventType.swift */ = {isa = PBXFileReference; fileEncoding = 4; lastKnownFileType = sourcecode.swift; path = PumpEventType.swift; sourceTree = "<group>"; };
		2A38F90FAFCBE4E1BC06C490 /* TimestampedHistoryEvent.swift */ = {isa = PBXFileReference; fileEncoding = 4; lastKnownFileType = sourcecode.swift; path = TimestampedHistoryEvent.swift; sourceTree = "<group>"; };
		42A5FC8918EFA521CAC3398D /* PumpModel.swift */ = {isa = PBXFileReference; fileEncoding = 4; lastKnownFileType = sourcecode.swift; path = PumpModel.swift; sourceTree = "<group>"; };
		DCB4E4C2F0786E49DD3EF3FF /* SuspendState.swift */ = {isa = PBXFileReference; fileEncoding = 4; lastKnownFileType = sourcecode.swift; path = SuspendState.swift; sourceTree = "<group>"; };
		0EFB53326342FCE4D052F345 /* UnfinalizedDose.swift */ = {isa = PBXFileReference; fileEncoding = 4; lastKnownFileType = sourcecode.swift; path = UnfinalizedDose.swift; sourceTree = "<group>"; };
		949355D7B5147C1357EC9509 /* DoseStore.swift */ = {isa = PBXFileReference; fileEncoding = 4; lastKnownFileType = sourcecode.swift; path = DoseStore.swift; sourceTree = "<group>"; };
		67A21A2ACFD55A3A1BB4DAEF /* HistoryPage+PumpOpsSession.swift */ = {isa = PBXFileReference; fileEncoding = 4; lastKnownFileType = sourcecode.swift; path = "HistoryPage+PumpOpsSession.swift"; sourceTree = "<group>"; };
		9CE0ED9E174E7562193ACE34 /* Data.swift */ = {isa = PBXFileReference; fileEncoding = 4; lastKnownFileType = sourcecode.swift; path = Data.swift; sourceTree = "<group>"; };
		AB4D1CADFE65EDAE722BC346 /* ISO8601DateFormatter.swift */ = {isa = PBXFileReference; fileEncoding = 4; lastKnownFileType = sourcecode.swift; path = ISO8601DateFormatter.swift; sourceTree = "<group>"; };
		7CC729173285F332C01A3D89 /* Int.swift */ = {isa = PBXFileReference; fileEncoding = 4; lastKnownFileType = sourcecode.swift; path = Int.swift; sourceTree = "<group>"; };
		E3C50C9C933942548B961C5E /* NSDateComponents.swift */ = {isa = PBXFileReference; fileEncoding = 4; lastKnownFileType = sourcecode.swift; path = NSDateComponents.swift; sourceTree = "<group>"; };
		9E4F6E0830D154372E69A9A6 /* TimeInterval.swift */ = {isa = PBXFileReference; fileEncoding = 4; lastKnownFileType = sourcecode.swift; path = TimeInterval.swift; sourceTree = "<group>"; };
		989D033F6C69880F3C46E7E1 /* MedtronicLocalizedString.swift */ = {isa = PBXFileReference; fileEncoding = 4; lastKnownFileType = sourcecode.swift; path = MedtronicLocalizedString.swift; sourceTree = "<group>"; };
/* End PBXFileReference section */

/* Begin PBXFrameworksBuildPhase section */
		D0EDE9BDBD604EAFAD21FE61 /* Frameworks */ = {
			isa = PBXFrameworksBuildPhase;
			buildActionMask = 2147483647;
			files = (
				1E50F39A2BF045ED8E180916 /* LoopKit.framework in Frameworks */,
				A3F2B11DE5C04D1A92F5B678 /* MinimedKit.framework in Frameworks */,
			);
			runOnlyForDeploymentPostprocessing = 0;
		};
		93952183BBAC42318421F88C /* Frameworks */ = {
			isa = PBXFrameworksBuildPhase;
			buildActionMask = 2147483647;
			files = (
				BD147FE0CF2840B590714A17 /* LoopKitUI.framework in Frameworks */,
				B9A5B86A3FA140CE8F27DA87 /* PickleLinkKit.framework in Frameworks */,
			);
			runOnlyForDeploymentPostprocessing = 0;
		};
		BC5D1D08BC80447F83B3CDD6 /* Frameworks */ = {
			isa = PBXFrameworksBuildPhase;
			buildActionMask = 2147483647;
			files = (
				C3A75C4197C6454D8E2B1374 /* PickleLinkKit.framework in Frameworks */,
				34C5CDCA40404FB08BC34DE5 /* PickleLinkKitUI.framework in Frameworks */,
			);
			runOnlyForDeploymentPostprocessing = 0;
		};
/* End PBXFrameworksBuildPhase section */

/* Begin PBXGroup section */
		AD1E774306EE4718BFBCD13F = {
			isa = PBXGroup;
			children = (
				DBCDD581790244459B5ED3AB /* PickleLinkKit */,
				4BE67DE7B1BF4E21A41FE41B /* PickleLinkKitUI */,
				79BDFA5A254A429AA839FF8C /* PickleLinkKitPlugin */,
				12BC386A1D724018AE4255B0 /* Products */,
			);
			sourceTree = "<group>";
		};
		12BC386A1D724018AE4255B0 /* Products */ = {
			isa = PBXGroup;
			children = (
				11DCA3A85FE24F309E2CBBC0 /* PickleLinkKit.framework */,
				70B83BD17B254E94AFC71802 /* PickleLinkKitUI.framework */,
				F21EB464C7954985B020C4B9 /* PickleLinkKitPlugin.loopplugin */,
			);
			name = Products;
			sourceTree = "<group>";
		};
		DBCDD581790244459B5ED3AB /* PickleLinkKit */ = {
			isa = PBXGroup;
			children = (
				2572F632252112D27CE5A721 /* Medtronic */,
				F80828C4F21746BEB4B7E612 /* BLE */,
				308016F5394944DE9176F67E /* Protocol */,
				1FCAAC4906254F56B60D527A /* PumpManager */,
				AA25CFCEC1BE4880B9CC8A28 /* PickleLinkClient.swift */,
			);
			path = "Sources/PickleLinkKit";
			sourceTree = "<group>";
		};
		F80828C4F21746BEB4B7E612 /* BLE */ = {
			isa = PBXGroup;
			children = (
				2155C493064F460BA4A218E6 /* PickleLinkBLEManager.swift */,
				7737EBF99A7A4AD1A97E05D0 /* PickleLinkPeripheral.swift */,
				9E80A0BB3B174AA4863E8060 /* PickleLinkUUIDs.swift */,
				42DD7854C7A746B885C7FB33 /* CommandSession.swift */,
				101EDB9F40C047B793C327D7 /* CommandTransport.swift */,
			);
			path = BLE;
			sourceTree = "<group>";
		};
		308016F5394944DE9176F67E /* Protocol */ = {
			isa = PBXGroup;
			children = (
				9DE0EC7FEA174FFD8EA0D7C6 /* SmartBridgeCommand.swift */,
				9F80BF0F34A146D0B82643FA /* SmartBridgeResponse.swift */,
				D671AD8E08BD4462AE93CB17 /* SmartBridgeStatus.swift */,
				3AA440849B814B28AE3F01DC /* StatusEvent.swift */,
				PL04000000000011 /* BridgeLogEntry.swift */,
			);
			path = Protocol;
			sourceTree = "<group>";
		};
		1FCAAC4906254F56B60D527A /* PumpManager */ = {
			isa = PBXGroup;
			children = (
				PL03000000000011 /* CRC16.swift */,
				2439508ECB4948B4BCFDA0EF /* DoseProgressEstimator.swift */,
				2CC07258D99F4B5684266A9F /* HistorySync.swift */,
				3272B2FB81714D1EB337C259 /* PickleLinkConversions.swift */,
				27CDC9ACB78A42E9B788DDFF /* PickleLinkPumpManager.swift */,
				B0C34C783FB54436836A97EC /* PickleLinkPumpManagerState.swift */,
			);
			path = PumpManager;
			sourceTree = "<group>";
		};
		4BE67DE7B1BF4E21A41FE41B /* PickleLinkKitUI */ = {
			isa = PBXGroup;
			children = (
				06DA76A647E64DC6BAB1851F /* PickleLinkPumpManager+UI.swift */,
				F2E4DF2791DC47208A41AE02 /* PickleLinkUICoordinator.swift */,
				AF268CF407524F83870B8D33 /* SetupModel.swift */,
				7F4C124792F949C9A8511923 /* Settings */,
				BADABC15E3D34CF8BBB4DF18 /* Setup */,
			);
			path = "Sources/PickleLinkKitUI";
			sourceTree = "<group>";
		};
		7F4C124792F949C9A8511923 /* Settings */ = {
			isa = PBXGroup;
			children = (
				A5E039C4A954496AAA59340D /* PickleLinkSettingsView.swift */,
				PL02000000000011 /* PickleLinkNativeSettingsView.swift */,
				PL02000000000012 /* PickleLinkSettingsViewModel.swift */,
				PL02000000000013 /* PickleLinkListDataSource.swift */,
				PL02000000000014 /* PickleLinkDeviceDetailView.swift */,
				PL04000000000012 /* PickleLinkBridgeLogView.swift */,
			);
			path = Settings;
			sourceTree = "<group>";
		};
		BADABC15E3D34CF8BBB4DF18 /* Setup */ = {
			isa = PBXGroup;
			children = (
				02EE2FB045D74179A28D781B /* FrequencyView.swift */,
				586DE0EF6366454EA8944116 /* PairingView.swift */,
				9315FB7A718044528CE6BE4A /* PumpIDEntryView.swift */,
				AF0B8AC5778245429BA42845 /* ScanView.swift */,
				EDD2C9A8F92547FC9F66651D /* SetupCompleteView.swift */,
			);
			path = Setup;
			sourceTree = "<group>";
		};
		79BDFA5A254A429AA839FF8C /* PickleLinkKitPlugin */ = {
			isa = PBXGroup;
			children = (
				CE77CB86C2404936B902A9FC /* PickleLinkPlugin.swift */,
				ECE5D613E2C6442EBFEEF50A /* Info.plist */,
			);
			path = "Sources/PickleLinkKitPlugin";
			sourceTree = "<group>";
		};
		/* Medtronic groups */
		2572F632252112D27CE5A721 /* Medtronic */ = {
			isa = PBXGroup;
			children = (
				4F3F77520F14C0FA21980A35 /* PumpEvents */,
				76BAA8E044BD8CA7E3CC77A3 /* Messages */,
				CF82C5AEF55233344980E4DD /* Models */,
				E673102519C566C5772C8DEA /* History */,
				48B7A464F6C66025DADAF79C /* Extensions */,
				989D033F6C69880F3C46E7E1 /* MedtronicLocalizedString.swift */,
			);
			path = Medtronic;
			sourceTree = "<group>";
		};
		4F3F77520F14C0FA21980A35 /* PumpEvents */ = {
			isa = PBXGroup;
			children = (
				4C5213559A1EC6D61B00DE59 /* AlarmClockReminderPumpEvent.swift */,
				C37DCCA858480445136C835A /* AlarmSensorPumpEvent.swift */,
				43BD16D65DFCD43636BD9ED2 /* BGReceivedPumpEvent.swift */,
				943D18E246415B3DB0DE683F /* BasalProfileStartPumpEvent.swift */,
				55AE087AB6D9C61C1216515D /* BatteryPumpEvent.swift */,
				C3031D61A5DD0C19511D719D /* BolusNormalPumpEvent.swift */,
				E22C50C71F5BA949513D9E04 /* BolusReminderPumpEvent.swift */,
				D67B4E65670BEA4A8EDDFCBA /* BolusWizardEstimatePumpEvent.swift */,
				3F42CC13905E4EB2F9F56856 /* BolusWizardSetupPumpEvent.swift */,
				85A061FC791FF7E99C761ECA /* CalBGForPHPumpEvent.swift */,
				A29B47ACE60C22C5C65C8F03 /* ChangeAlarmClockEnablePumpEvent.swift */,
				3E5C1AEF97E5014B92F8F181 /* ChangeAlarmNotifyModePumpEvent.swift */,
				391C2DDFA7447E3B9E83A757 /* ChangeAudioBolusPumpEvent.swift */,
				BC7EC5A710E7E679D5578807 /* ChangeBGReminderEnablePumpEvent.swift */,
				A821FC8E6ED536080199698E /* ChangeBGReminderOffsetPumpEvent.swift */,
				D4AA663C21A37B55FD75B796 /* ChangeBasalProfilePatternPumpEvent.swift */,
				448ACDC74C17F2810957B155 /* ChangeBasalProfilePumpEvent.swift */,
				F162303D40DB8600794F1B6A /* ChangeBolusReminderEnablePumpEvent.swift */,
				E8E3688B038F1CCD070ADCAE /* ChangeBolusReminderTimePumpEvent.swift */,
				9E0D909B3CEBB931425A031E /* ChangeBolusScrollStepSizePumpEvent.swift */,
				E195EFD23320B5CAF5EB3A49 /* ChangeBolusWizardSetupPumpEvent.swift */,
				78A13E68CCC91C3C589BF029 /* ChangeCaptureEventEnablePumpEvent.swift */,
				3E86DF05E3B3F4C0510DDD6A /* ChangeCarbUnitsPumpEvent.swift */,
				45AF5C38029B08CC5D4BD7DF /* ChangeChildBlockEnablePumpEvent.swift */,
				6BCED349FADECC33E5E82EC7 /* ChangeMaxBasalPumpEvent.swift */,
				54ED038344E25AA7762A40F5 /* ChangeMaxBolusPumpEvent.swift */,
				387FE9C2F5A94D5B058696A6 /* ChangeMeterIDPumpEvent.swift */,
				05D51BF59DC0C7FF75C51DA7 /* ChangeOtherDeviceIDPumpEvent.swift */,
				90A141E3F60AB84B1F6C4577 /* ChangeParadigmLinkIDPumpEvent.swift */,
				30A5530261296F29433B7C7B /* ChangeReservoirWarningTimePumpEvent.swift */,
				E9FAD5BA51822A4D4CDE8FFD /* ChangeSensorAlarmSilenceConfigPumpEvent.swift */,
				15280934602C5F5F112C4650 /* ChangeSensorRateOfChangeAlertSetupPumpEvent.swift */,
				11CCB771177705C8B7921D21 /* ChangeSensorSetup2PumpEvent.swift */,
				8F07E1BD9499DFC24CA9ECCA /* ChangeTempBasalTypePumpEvent.swift */,
				8D0ABC6982CE00AF9EF765A4 /* ChangeTimeFormatPumpEvent.swift */,
				1E03DAC5FBD05A0701351DD3 /* ChangeTimePumpEvent.swift */,
				E21B5A26A7961D584F830EB7 /* ChangeVariableBolusPumpEvent.swift */,
				E9EC16868A3FE320ABEAD943 /* ChangeWatchdogEnablePumpEvent.swift */,
				B4E19E4B9506E0B7E3B76510 /* ChangeWatchdogMarriageProfilePumpEvent.swift */,
				A6EEB523C9EAFDECEB2286C0 /* ClearAlarmPumpEvent.swift */,
				F911712E9B1A047D7A63F3ED /* DailyTotal515PumpEvent.swift */,
				13E2C708341C0179704EF436 /* DailyTotal522PumpEvent.swift */,
				1F7934DBFD553509F89ACE0A /* DailyTotal523PumpEvent.swift */,
				036B2BBE63D95FA8026732FD /* DeleteBolusReminderTimePumpEvent.swift */,
				D4601D5165B45870D20EDC35 /* DeleteOtherDeviceIDPumpEvent.swift */,
				653E21FF12A5CB847104D7AC /* EnableBolusWizardPumpEvent.swift */,
				687496A8525D0470AC80B9B2 /* EnableDisableRemotePumpEvent.swift */,
				337721EE5CF21F71EA3CE14C /* JournalEntryExerciseMarkerPumpEvent.swift */,
				B43A3A448E342060B8CE72C7 /* JournalEntryInsulinMarkerPumpEvent.swift */,
				737DC5A3BAA14CF3F656AAD6 /* JournalEntryMealMarkerPumpEvent.swift */,
				590DD179C22B0C7DE179E052 /* JournalEntryPumpLowBatteryPumpEvent.swift */,
				135957AFF62981D63B955D8A /* JournalEntryPumpLowReservoirPumpEvent.swift */,
				9BB0DF3359E20635961F9A1B /* NewTimePumpEvent.swift */,
				2DD0D98D4644B77B628D0181 /* PlaceholderPumpEvent.swift */,
				30C797B6897C765FC0936AA0 /* PrimePumpEvent.swift */,
				52A36B819371CAEFBEB35922 /* PumpAlarmPumpEvent.swift */,
				ECEB783ADA6DB5F468EA156E /* PumpEvent.swift */,
				F194C6383E9BD4B4686F9CB8 /* RestoreMystery54PumpEvent.swift */,
				802F321556F54727E852B8C7 /* RestoreMystery55PumpEvent.swift */,
				062F257276277220945C1B16 /* ResultDailyTotalPumpEvent.swift */,
				401383FE16C5BC2A485901AE /* ResumePumpEvent.swift */,
				79996C4F968C5919F81CBC62 /* RewindPumpEvent.swift */,
				7B2FFF58F0C8ED176C09E8BE /* SelectBasalProfilePumpEvent.swift */,
				EBFD52E977618A3C48B3A589 /* SuspendPumpEvent.swift */,
				AFA9B3A5CF0A22A802614EBF /* TempBasalDurationPumpEvent.swift */,
				3E9EDF42C099CDCF0A91EA74 /* TempBasalPumpEvent.swift */,
				693E350DEBE13491473672C4 /* TimestampedPumpEvent.swift */,
				76B0F8DB38F45F978E371AAE /* UnabsorbedInsulinPumpEvent.swift */,
				40030A2978373A7215996EAE /* UnknownPumpEvent57.swift */,
			);
			path = PumpEvents;
			sourceTree = "<group>";
		};
		76BAA8E044BD8CA7E3CC77A3 /* Messages */ = {
			isa = PBXGroup;
			children = (
				79ABAE0E8F7ACA3559D32B66 /* BasalSchedule.swift */,
				6EF136C2D1C7A07E2EB3FC7F /* MedtronicCRC16.swift */,
				F62A8117F133DC992285325E /* DictionaryRepresentable.swift */,
				2E480C8D85B8B3F9A5896F05 /* HistoryPage.swift */,
				6440C59486E47314479D7B0C /* PumpEventType.swift */,
				2A38F90FAFCBE4E1BC06C490 /* TimestampedHistoryEvent.swift */,
			);
			path = Messages;
			sourceTree = "<group>";
		};
		CF82C5AEF55233344980E4DD /* Models */ = {
			isa = PBXGroup;
			children = (
				42A5FC8918EFA521CAC3398D /* PumpModel.swift */,
				DCB4E4C2F0786E49DD3EF3FF /* SuspendState.swift */,
				0EFB53326342FCE4D052F345 /* UnfinalizedDose.swift */,
			);
			path = Models;
			sourceTree = "<group>";
		};
		E673102519C566C5772C8DEA /* History */ = {
			isa = PBXGroup;
			children = (
				949355D7B5147C1357EC9509 /* DoseStore.swift */,
				67A21A2ACFD55A3A1BB4DAEF /* HistoryPage+PumpOpsSession.swift */,
			);
			path = History;
			sourceTree = "<group>";
		};
		48B7A464F6C66025DADAF79C /* Extensions */ = {
			isa = PBXGroup;
			children = (
				9CE0ED9E174E7562193ACE34 /* Data.swift */,
				AB4D1CADFE65EDAE722BC346 /* ISO8601DateFormatter.swift */,
				7CC729173285F332C01A3D89 /* Int.swift */,
				E3C50C9C933942548B961C5E /* NSDateComponents.swift */,
				9E4F6E0830D154372E69A9A6 /* TimeInterval.swift */,
			);
			path = Extensions;
			sourceTree = "<group>";
		};
/* End PBXGroup section */

/* Begin PBXNativeTarget section */
		54B61FBB867F4E769CF9E714 /* PickleLinkKit */ = {
			isa = PBXNativeTarget;
			buildConfigurationList = AB64CB522B6D4625A24C8726 /* Build configuration list for PBXNativeTarget "PickleLinkKit" */;
			buildPhases = (
				D0EDE9BDBD604EAFAD21FE61 /* Frameworks */,
				2F32A1329F8F46278FB4EAFB /* Sources */,
				8F7CD03141D14D7EAF21C17C /* Headers */,
			);
			buildRules = (
			);
			dependencies = (
			);
			name = PickleLinkKit;
			productName = PickleLinkKit;
			productReference = 11DCA3A85FE24F309E2CBBC0 /* PickleLinkKit.framework */;
			productType = "com.apple.product-type.framework";
		};
		B7FFC3AF51AA44EF9ACEC69B /* PickleLinkKitUI */ = {
			isa = PBXNativeTarget;
			buildConfigurationList = 6020258F4CF745D397D1266D /* Build configuration list for PBXNativeTarget "PickleLinkKitUI" */;
			buildPhases = (
				93952183BBAC42318421F88C /* Frameworks */,
				69C13C5459A4439793AD4BFD /* Sources */,
				0E41E7AEF39842E7B6209841 /* Headers */,
			);
			buildRules = (
			);
			dependencies = (
				52FC89928F1D4588A4949CCA /* PBXTargetDependency */,
			);
			name = PickleLinkKitUI;
			productName = PickleLinkKitUI;
			productReference = 70B83BD17B254E94AFC71802 /* PickleLinkKitUI.framework */;
			productType = "com.apple.product-type.framework";
		};
		624A728A0D6143AFB8B1222E /* PickleLinkKitPlugin */ = {
			isa = PBXNativeTarget;
			buildConfigurationList = 96D9302A6DFE492CBB98072F /* Build configuration list for PBXNativeTarget "PickleLinkKitPlugin" */;
			buildPhases = (
				BC5D1D08BC80447F83B3CDD6 /* Frameworks */,
				7C43A73715A545CCB253EFCB /* Sources */,
				3CA96A45F55C4813A83D8A70 /* Embed Frameworks */,
			);
			buildRules = (
			);
			dependencies = (
				002202923AD24394ABBC7F72 /* PBXTargetDependency */,
				A39A06BCBEDD4E13A6ADE1ED /* PBXTargetDependency */,
			);
			name = PickleLinkKitPlugin;
			productName = PickleLinkKitPlugin;
			productReference = F21EB464C7954985B020C4B9 /* PickleLinkKitPlugin.loopplugin */;
			productType = "com.apple.product-type.framework";
		};
/* End PBXNativeTarget section */

/* Begin PBXProject section */
		6D5C1753945D424E80205B25 /* Project object */ = {
			isa = PBXProject;
			attributes = {
				BuildIndependentTargetsInParallel = YES;
				LastSwiftUpdateCheck = 1500;
				LastUpgradeCheck = 1500;
			};
			buildConfigurationList = E0724875E73F4501BA80340F /* Build configuration list for PBXProject "PickleLinkKit" */;
			compatibilityVersion = "Xcode 14.0";
			developmentRegion = en;
			hasScannedForEncodings = 0;
			knownRegions = (
				en,
				Base,
			);
			mainGroup = AD1E774306EE4718BFBCD13F;
			productRefGroup = 12BC386A1D724018AE4255B0 /* Products */;
			projectDirPath = "";
			projectRoot = "";
			targets = (
				54B61FBB867F4E769CF9E714 /* PickleLinkKit */,
				B7FFC3AF51AA44EF9ACEC69B /* PickleLinkKitUI */,
				624A728A0D6143AFB8B1222E /* PickleLinkKitPlugin */,
			);
		};
/* End PBXProject section */

/* Begin PBXSourcesBuildPhase section */
		2F32A1329F8F46278FB4EAFB /* Sources */ = {
			isa = PBXSourcesBuildPhase;
			buildActionMask = 2147483647;
			files = (
				E1584171F2904889A05A45AC /* PickleLinkBLEManager.swift in Sources */,
				AA52F185E1E741708BDEE89F /* PickleLinkPeripheral.swift in Sources */,
				FF9693E57ACD494C82519F5B /* PickleLinkUUIDs.swift in Sources */,
				2C9F3D09D3E345FD8DCEF262 /* CommandSession.swift in Sources */,
				031192286EA344458D4123E9 /* CommandTransport.swift in Sources */,
				A2CD55AA840C429A8153143A /* SmartBridgeCommand.swift in Sources */,
				BC26FE80CE074F6DAF0FFD3C /* SmartBridgeResponse.swift in Sources */,
				A0BE48D138F14DDA9CF37845 /* SmartBridgeStatus.swift in Sources */,
				F904B750C7E54A83BDE5B3C1 /* StatusEvent.swift in Sources */,
				PL04000000000001 /* BridgeLogEntry.swift in Sources */,
				F039AB985B7A4582A1DD086A /* PickleLinkClient.swift in Sources */,
				44F5FCD209A44FAD9E1BB024 /* DoseProgressEstimator.swift in Sources */,
				B5266133473C446B85DDC9C3 /* HistorySync.swift in Sources */,
				PL03000000000001 /* CRC16.swift in Sources */,
				DE9A1662CF2242C1B002BE4B /* PickleLinkConversions.swift in Sources */,
				8D9D3412A480472CB40F327A /* PickleLinkPumpManager.swift in Sources */,
				95CB983559964F1FB2928B13 /* PickleLinkPumpManagerState.swift in Sources */,
				46F776AC41FB5101B5A854B9 /* AlarmClockReminderPumpEvent.swift in Sources */,
				4F6FEA5DB677AE6CD7BE79A7 /* AlarmSensorPumpEvent.swift in Sources */,
				76C6E1A4DA86363316832460 /* BGReceivedPumpEvent.swift in Sources */,
				F30AF2DC1B8AD7E9971640F4 /* BasalProfileStartPumpEvent.swift in Sources */,
				80DC4FA8FCDCB0CA7C1CCFCB /* BatteryPumpEvent.swift in Sources */,
				3579F914F2E9E23A14B59C3D /* BolusNormalPumpEvent.swift in Sources */,
				A0AB3DF3F5D09C982BBFB5E2 /* BolusReminderPumpEvent.swift in Sources */,
				CAF6CAD63C529032EAE586BE /* BolusWizardEstimatePumpEvent.swift in Sources */,
				A9465CD04DFF24CE48A2FA82 /* BolusWizardSetupPumpEvent.swift in Sources */,
				EB5147F96222089EC91A573E /* CalBGForPHPumpEvent.swift in Sources */,
				A6F5A2953FC869D18BF1E03F /* ChangeAlarmClockEnablePumpEvent.swift in Sources */,
				E5D85FD995273A01737DC05F /* ChangeAlarmNotifyModePumpEvent.swift in Sources */,
				478E448FAC3DE3E6EE38EE70 /* ChangeAudioBolusPumpEvent.swift in Sources */,
				0A0CEF0F319630CF6E13F084 /* ChangeBGReminderEnablePumpEvent.swift in Sources */,
				1EC813600E3D2512896AC42A /* ChangeBGReminderOffsetPumpEvent.swift in Sources */,
				BA1A0439346BB4F15FC72DC3 /* ChangeBasalProfilePatternPumpEvent.swift in Sources */,
				6BCE9803D59184FFE696EF90 /* ChangeBasalProfilePumpEvent.swift in Sources */,
				24BB85EB1136FDDBDDCF2A83 /* ChangeBolusReminderEnablePumpEvent.swift in Sources */,
				32217CAE04B19604C3DD183A /* ChangeBolusReminderTimePumpEvent.swift in Sources */,
				1B72306F48680B449D4E4EA0 /* ChangeBolusScrollStepSizePumpEvent.swift in Sources */,
				DFB26DD7B760EAB2FA7A27AA /* ChangeBolusWizardSetupPumpEvent.swift in Sources */,
				62BC654810835C8D7740A229 /* ChangeCaptureEventEnablePumpEvent.swift in Sources */,
				737CB74A62A6E466353B7104 /* ChangeCarbUnitsPumpEvent.swift in Sources */,
				8BC3B1B5C29C9CAB59E766F1 /* ChangeChildBlockEnablePumpEvent.swift in Sources */,
				CA606FE382C1C0452D177FB2 /* ChangeMaxBasalPumpEvent.swift in Sources */,
				C6A1BF430A454CAA73F27E6D /* ChangeMaxBolusPumpEvent.swift in Sources */,
				105DC5ED678B1A3C28D307C4 /* ChangeMeterIDPumpEvent.swift in Sources */,
				715F5A5F034475E27963DF3B /* ChangeOtherDeviceIDPumpEvent.swift in Sources */,
				ECD259BA96301686BD38D9C8 /* ChangeParadigmLinkIDPumpEvent.swift in Sources */,
				78C1FC454FF54BFA80EC954F /* ChangeReservoirWarningTimePumpEvent.swift in Sources */,
				342E3C0E0190D01773D01947 /* ChangeSensorAlarmSilenceConfigPumpEvent.swift in Sources */,
				20312CF62D1987824F2B21EC /* ChangeSensorRateOfChangeAlertSetupPumpEvent.swift in Sources */,
				DA424DD836779BACD6E38B43 /* ChangeSensorSetup2PumpEvent.swift in Sources */,
				3AF01DAD97C1E2718A819D35 /* ChangeTempBasalTypePumpEvent.swift in Sources */,
				4B119357D23D81C4802E5BD0 /* ChangeTimeFormatPumpEvent.swift in Sources */,
				A3E823CE0E0B007918FC9D44 /* ChangeTimePumpEvent.swift in Sources */,
				F823FF1CE278D62C4A204C59 /* ChangeVariableBolusPumpEvent.swift in Sources */,
				43E9B419F1EDD49EDEE02153 /* ChangeWatchdogEnablePumpEvent.swift in Sources */,
				7B88834E154E28053D5A12BE /* ChangeWatchdogMarriageProfilePumpEvent.swift in Sources */,
				DFD6E9025C0E773796D52896 /* ClearAlarmPumpEvent.swift in Sources */,
				97F51788C9CCEEB662A7165B /* DailyTotal515PumpEvent.swift in Sources */,
				8AD72407F572F07D35CFF658 /* DailyTotal522PumpEvent.swift in Sources */,
				599CA6D5CE654E6DA853F209 /* DailyTotal523PumpEvent.swift in Sources */,
				3ED1ED0F5E53CA9649A26AB2 /* DeleteBolusReminderTimePumpEvent.swift in Sources */,
				F3CA72208C1654DBB6174615 /* DeleteOtherDeviceIDPumpEvent.swift in Sources */,
				D3F8401438292479A92623FD /* EnableBolusWizardPumpEvent.swift in Sources */,
				D6B9EDD711AB8F4BF33F4F85 /* EnableDisableRemotePumpEvent.swift in Sources */,
				D554F5088DBC77F89EE497EF /* JournalEntryExerciseMarkerPumpEvent.swift in Sources */,
				EC38E1355E53E2EB0023F5BB /* JournalEntryInsulinMarkerPumpEvent.swift in Sources */,
				914C3A7D0C25D24844617980 /* JournalEntryMealMarkerPumpEvent.swift in Sources */,
				62969E995AFFE00BF689D1A6 /* JournalEntryPumpLowBatteryPumpEvent.swift in Sources */,
				A427F4A75B8042B0D95994D6 /* JournalEntryPumpLowReservoirPumpEvent.swift in Sources */,
				DCF715EF952CC59D41BDBC81 /* NewTimePumpEvent.swift in Sources */,
				BE0CCE41B1FD07532CD9AE27 /* PlaceholderPumpEvent.swift in Sources */,
				0411BEBF8972EA45FC556286 /* PrimePumpEvent.swift in Sources */,
				F5BDD0B7D705016036464B68 /* PumpAlarmPumpEvent.swift in Sources */,
				CC795B85A1860FA31DBB5050 /* PumpEvent.swift in Sources */,
				179C05A9B6D9C0E81F1A5CD0 /* RestoreMystery54PumpEvent.swift in Sources */,
				CE51306AF2902CD45D37243D /* RestoreMystery55PumpEvent.swift in Sources */,
				8E684FC3B8C8AC06A067F76E /* ResultDailyTotalPumpEvent.swift in Sources */,
				D224A9A0BC8B5CB345D3A8C8 /* ResumePumpEvent.swift in Sources */,
				F6B7F060F654EDA2A254B896 /* RewindPumpEvent.swift in Sources */,
				37916DFB521F0EF89D578EC1 /* SelectBasalProfilePumpEvent.swift in Sources */,
				BEB2680958D988E831CA4397 /* SuspendPumpEvent.swift in Sources */,
				BC6D97A062B3D5A5420A6E86 /* TempBasalDurationPumpEvent.swift in Sources */,
				2451A79248DB4458B733D722 /* TempBasalPumpEvent.swift in Sources */,
				49361555687B104FC45CD2CF /* TimestampedPumpEvent.swift in Sources */,
				60FE7B75775496ADD6AFD8A4 /* UnabsorbedInsulinPumpEvent.swift in Sources */,
				A9E6E550A078655DBFE4F635 /* UnknownPumpEvent57.swift in Sources */,
				1625C1005DE1846610511EF5 /* BasalSchedule.swift in Sources */,
				440F2AFC531F8890851709C4 /* MedtronicCRC16.swift in Sources */,
				6FCF2DD8BB3E1AFF9EF538DB /* DictionaryRepresentable.swift in Sources */,
				0CD793FFC0E0A643EA1FC020 /* HistoryPage.swift in Sources */,
				0C77E0E529B775897D80F1BD /* PumpEventType.swift in Sources */,
				7BE042FCA84E80E306B1CED9 /* TimestampedHistoryEvent.swift in Sources */,
				75A43C83184966D214BD7670 /* PumpModel.swift in Sources */,
				873B129D4EE2649E47EE52AC /* SuspendState.swift in Sources */,
				1EBE622462EBB0BA0924B384 /* UnfinalizedDose.swift in Sources */,
				2F8A571780E99BAF1B3A8641 /* DoseStore.swift in Sources */,
				58AC29A6FEE8AFFC13A21D3F /* HistoryPage+PumpOpsSession.swift in Sources */,
				17F8E5FD624C60EEE67B4E60 /* Data.swift in Sources */,
				E88243189F37C5C2B5C60A27 /* ISO8601DateFormatter.swift in Sources */,
				FE56F9332A13F46AF256D7C8 /* Int.swift in Sources */,
				3D51EE1E5570D51E193320A4 /* NSDateComponents.swift in Sources */,
				B1CBEDF10DA9BE62F06C7943 /* TimeInterval.swift in Sources */,
				7A441E6B1782B2BC3ABA8B14 /* MedtronicLocalizedString.swift in Sources */,
			);
			runOnlyForDeploymentPostprocessing = 0;
		};
		69C13C5459A4439793AD4BFD /* Sources */ = {
			isa = PBXSourcesBuildPhase;
			buildActionMask = 2147483647;
			files = (
				E6F4893253444CB3B9782458 /* PickleLinkPumpManager+UI.swift in Sources */,
				F885BAAC827A4F9C8A9A43F7 /* PickleLinkUICoordinator.swift in Sources */,
				E2B7F7549CF44FB79FE9BB9A /* SetupModel.swift in Sources */,
				54E9EC37F405414AB81F5D0B /* PickleLinkSettingsView.swift in Sources */,
				PL02000000000001 /* PickleLinkNativeSettingsView.swift in Sources */,
				PL02000000000002 /* PickleLinkSettingsViewModel.swift in Sources */,
				PL02000000000003 /* PickleLinkListDataSource.swift in Sources */,
				PL02000000000004 /* PickleLinkDeviceDetailView.swift in Sources */,
				PL04000000000002 /* PickleLinkBridgeLogView.swift in Sources */,
				48F446EFFBB34B09950FD8D1 /* FrequencyView.swift in Sources */,
				8D8F77C56E534C34AB96F19A /* PairingView.swift in Sources */,
				463C8A83013F4A8E9CE6643A /* PumpIDEntryView.swift in Sources */,
				85B71742B6E147C8A2C5117D /* ScanView.swift in Sources */,
				F9526DA05E404D9D86B1E857 /* SetupCompleteView.swift in Sources */,
			);
			runOnlyForDeploymentPostprocessing = 0;
		};
		7C43A73715A545CCB253EFCB /* Sources */ = {
			isa = PBXSourcesBuildPhase;
			buildActionMask = 2147483647;
			files = (
				2D7041D1EAD24258A8C8CEE7 /* PickleLinkPlugin.swift in Sources */,
			);
			runOnlyForDeploymentPostprocessing = 0;
		};
/* End PBXSourcesBuildPhase section */

/* Begin PBXHeadersBuildPhase section */
		8F7CD03141D14D7EAF21C17C /* Headers */ = {
			isa = PBXHeadersBuildPhase;
			buildActionMask = 2147483647;
			files = (
			);
			runOnlyForDeploymentPostprocessing = 0;
		};
		0E41E7AEF39842E7B6209841 /* Headers */ = {
			isa = PBXHeadersBuildPhase;
			buildActionMask = 2147483647;
			files = (
			);
			runOnlyForDeploymentPostprocessing = 0;
		};
/* End PBXHeadersBuildPhase section */

/* Begin PBXTargetDependency section */
		52FC89928F1D4588A4949CCA /* PBXTargetDependency */ = {
			isa = PBXTargetDependency;
			target = 54B61FBB867F4E769CF9E714 /* PickleLinkKit */;
			targetProxy = 8F321D731AFB4340BD93840E /* PBXContainerItemProxy */;
		};
		002202923AD24394ABBC7F72 /* PBXTargetDependency */ = {
			isa = PBXTargetDependency;
			target = 54B61FBB867F4E769CF9E714 /* PickleLinkKit */;
			targetProxy = 0773463172E742E3B5438899 /* PBXContainerItemProxy */;
		};
		A39A06BCBEDD4E13A6ADE1ED /* PBXTargetDependency */ = {
			isa = PBXTargetDependency;
			target = B7FFC3AF51AA44EF9ACEC69B /* PickleLinkKitUI */;
			targetProxy = 78A00C5EE88D4545A95BA75F /* PBXContainerItemProxy */;
		};
/* End PBXTargetDependency section */

/* Begin PBXContainerItemProxy section */
		8F321D731AFB4340BD93840E /* PBXContainerItemProxy */ = {
			isa = PBXContainerItemProxy;
			containerPortal = 6D5C1753945D424E80205B25 /* Project object */;
			proxyType = 1;
			remoteGlobalIDString = 54B61FBB867F4E769CF9E714;
			remoteInfo = PickleLinkKit;
		};
		0773463172E742E3B5438899 /* PBXContainerItemProxy */ = {
			isa = PBXContainerItemProxy;
			containerPortal = 6D5C1753945D424E80205B25 /* Project object */;
			proxyType = 1;
			remoteGlobalIDString = 54B61FBB867F4E769CF9E714;
			remoteInfo = PickleLinkKit;
		};
		78A00C5EE88D4545A95BA75F /* PBXContainerItemProxy */ = {
			isa = PBXContainerItemProxy;
			containerPortal = 6D5C1753945D424E80205B25 /* Project object */;
			proxyType = 1;
			remoteGlobalIDString = B7FFC3AF51AA44EF9ACEC69B;
			remoteInfo = PickleLinkKitUI;
		};
/* End PBXContainerItemProxy section */

/* Begin XCBuildConfiguration section */
		/* Project-level configs */
		BB7CE954511D4626A12BF19A /* Debug */ = {
			isa = XCBuildConfiguration;
			buildSettings = {
				ALWAYS_SEARCH_USER_PATHS = NO;
				CLANG_ANALYZER_NONNULL = YES;
				CLANG_ANALYZER_NUMBER_OBJECT_CONVERSION = YES_AGGRESSIVE;
				CLANG_CXX_LANGUAGE_STANDARD = "gnu++17";
				CLANG_ENABLE_MODULES = YES;
				CLANG_ENABLE_OBJC_ARC = YES;
				CLANG_ENABLE_OBJC_WEAK = YES;
				CLANG_WARN_BLOCK_CAPTURE_AUTORELEASING = YES;
				CLANG_WARN_BOOL_CONVERSION = YES;
				CLANG_WARN_COMMA = YES;
				CLANG_WARN_CONSTANT_CONVERSION = YES;
				CLANG_WARN_DEPRECATED_OBJC_IMPLEMENTATIONS = YES;
				CLANG_WARN_DIRECT_OBJC_ISA_USAGE = YES_ERROR;
				CLANG_WARN_DOCUMENTATION_COMMENTS = YES;
				CLANG_WARN_EMPTY_BODY = YES;
				CLANG_WARN_ENUM_CONVERSION = YES;
				CLANG_WARN_INFINITE_LOOPS = YES;
				CLANG_WARN_INT_CONVERSION = YES;
				CLANG_WARN_NON_LITERAL_NULL_CONVERSION = YES;
				CLANG_WARN_OBJC_IMPLICIT_RETAIN_CYCLES = YES;
				CLANG_WARN_OBJC_LITERAL_CONVERSION = YES;
				CLANG_WARN_OBJC_ROOT_CLASS = YES_ERROR;
				CLANG_WARN_QUOTED_INCLUDE_IN_FRAMEWORK_HEADER = YES;
				CLANG_WARN_RANGE_LOOP_ANALYSIS = YES;
				CLANG_WARN_STRICT_PROTOTYPES = YES;
				CLANG_WARN_SUSPICIOUS_MOVE = YES;
				CLANG_WARN_UNGUARDED_AVAILABILITY = YES_AGGRESSIVE;
				CLANG_WARN_UNREACHABLE_CODE = YES;
				CLANG_WARN__DUPLICATE_METHOD_MATCH = YES;
				COPY_PHASE_STRIP = NO;
				DEBUG_INFORMATION_FORMAT = dwarf;
				ENABLE_STRICT_OBJC_MSGSEND = YES;
				ENABLE_TESTABILITY = YES;
				GCC_C_LANGUAGE_STANDARD = gnu11;
				GCC_DYNAMIC_NO_PIC = NO;
				GCC_NO_COMMON_BLOCKS = YES;
				GCC_OPTIMIZATION_LEVEL = 0;
				GCC_PREPROCESSOR_DEFINITIONS = (
					"DEBUG=1",
					"$(inherited)",
				);
				GCC_WARN_64_TO_32_BIT_CONVERSION = YES;
				GCC_WARN_ABOUT_RETURN_TYPE = YES_ERROR;
				GCC_WARN_UNDECLARED_SELECTOR = YES;
				GCC_WARN_UNINITIALIZED_AUTOS = YES_AGGRESSIVE;
				GCC_WARN_UNUSED_FUNCTION = YES;
				GCC_WARN_UNUSED_VARIABLE = YES;
				IPHONEOS_DEPLOYMENT_TARGET = 16.0;
				MTL_ENABLE_DEBUG_INFO = INCLUDE_SOURCE;
				MTL_FAST_MATH = YES;
				ONLY_ACTIVE_ARCH = YES;
				SDKROOT = iphoneos;
				SWIFT_ACTIVE_COMPILATION_CONDITIONS = DEBUG;
				SWIFT_OPTIMIZATION_LEVEL = "-Onone";
			};
			name = Debug;
		};
		8778B2E343444B72A7485C3E /* Release */ = {
			isa = XCBuildConfiguration;
			buildSettings = {
				ALWAYS_SEARCH_USER_PATHS = NO;
				CLANG_ANALYZER_NONNULL = YES;
				CLANG_ANALYZER_NUMBER_OBJECT_CONVERSION = YES_AGGRESSIVE;
				CLANG_CXX_LANGUAGE_STANDARD = "gnu++17";
				CLANG_ENABLE_MODULES = YES;
				CLANG_ENABLE_OBJC_ARC = YES;
				CLANG_ENABLE_OBJC_WEAK = YES;
				CLANG_WARN_BLOCK_CAPTURE_AUTORELEASING = YES;
				CLANG_WARN_BOOL_CONVERSION = YES;
				CLANG_WARN_COMMA = YES;
				CLANG_WARN_CONSTANT_CONVERSION = YES;
				CLANG_WARN_DEPRECATED_OBJC_IMPLEMENTATIONS = YES;
				CLANG_WARN_DIRECT_OBJC_ISA_USAGE = YES_ERROR;
				CLANG_WARN_DOCUMENTATION_COMMENTS = YES;
				CLANG_WARN_EMPTY_BODY = YES;
				CLANG_WARN_ENUM_CONVERSION = YES;
				CLANG_WARN_INFINITE_LOOPS = YES;
				CLANG_WARN_INT_CONVERSION = YES;
				CLANG_WARN_NON_LITERAL_NULL_CONVERSION = YES;
				CLANG_WARN_OBJC_IMPLICIT_RETAIN_CYCLES = YES;
				CLANG_WARN_OBJC_LITERAL_CONVERSION = YES;
				CLANG_WARN_OBJC_ROOT_CLASS = YES_ERROR;
				CLANG_WARN_QUOTED_INCLUDE_IN_FRAMEWORK_HEADER = YES;
				CLANG_WARN_RANGE_LOOP_ANALYSIS = YES;
				CLANG_WARN_STRICT_PROTOTYPES = YES;
				CLANG_WARN_SUSPICIOUS_MOVE = YES;
				CLANG_WARN_UNGUARDED_AVAILABILITY = YES_AGGRESSIVE;
				CLANG_WARN_UNREACHABLE_CODE = YES;
				CLANG_WARN__DUPLICATE_METHOD_MATCH = YES;
				COPY_PHASE_STRIP = NO;
				DEBUG_INFORMATION_FORMAT = "dwarf-with-dsym";
				ENABLE_NS_ASSERTIONS = NO;
				ENABLE_STRICT_OBJC_MSGSEND = YES;
				GCC_C_LANGUAGE_STANDARD = gnu11;
				GCC_NO_COMMON_BLOCKS = YES;
				GCC_WARN_64_TO_32_BIT_CONVERSION = YES;
				GCC_WARN_ABOUT_RETURN_TYPE = YES_ERROR;
				GCC_WARN_UNDECLARED_SELECTOR = YES;
				GCC_WARN_UNINITIALIZED_AUTOS = YES_AGGRESSIVE;
				GCC_WARN_UNUSED_FUNCTION = YES;
				GCC_WARN_UNUSED_VARIABLE = YES;
				IPHONEOS_DEPLOYMENT_TARGET = 16.0;
				MTL_FAST_MATH = YES;
				SDKROOT = iphoneos;
				SWIFT_COMPILATION_MODE = wholemodule;
				SWIFT_OPTIMIZATION_LEVEL = "-O";
				VALIDATE_PRODUCT = YES;
			};
			name = Release;
		};
		/* PickleLinkKit target configs */
		71982CB8D9C846F7B0D8A6EE /* Debug */ = {
			isa = XCBuildConfiguration;
			buildSettings = {
				CLANG_ENABLE_MODULES = YES;
				CODE_SIGN_STYLE = Automatic;
				DEFINES_MODULE = YES;
				DEVELOPMENT_TEAM = 2CTSS65L58;
				DYLIB_COMPATIBILITY_VERSION = 1;
				DYLIB_CURRENT_VERSION = 1;
				DYLIB_INSTALL_NAME_BASE = "@rpath";
				GENERATE_INFOPLIST_FILE = YES;
				INFOPLIST_KEY_NSPrincipalClass = "";
				INSTALL_PATH = "$(LOCAL_LIBRARY_DIR)/Frameworks";
				IPHONEOS_DEPLOYMENT_TARGET = 16.0;
				LD_RUNPATH_SEARCH_PATHS = (
					"$(inherited)",
					"@executable_path/Frameworks",
					"@loader_path/Frameworks",
				);
				PRODUCT_BUNDLE_IDENTIFIER = "ru.artpancreas.2CTSS65L58.PickleLinkKit";
				PRODUCT_NAME = "$(TARGET_NAME)";
				SKIP_INSTALL = YES;
				SUPPORTED_PLATFORMS = "iphoneos iphonesimulator";
				SUPPORTS_MACCATALYST = NO;
				SWIFT_VERSION = 5.0;
				TARGETED_DEVICE_FAMILY = "1,2";
			};
			name = Debug;
		};
		5591EBC3644445A594FB4054 /* Release */ = {
			isa = XCBuildConfiguration;
			buildSettings = {
				CLANG_ENABLE_MODULES = YES;
				CODE_SIGN_STYLE = Automatic;
				DEFINES_MODULE = YES;
				DEVELOPMENT_TEAM = 2CTSS65L58;
				DYLIB_COMPATIBILITY_VERSION = 1;
				DYLIB_CURRENT_VERSION = 1;
				DYLIB_INSTALL_NAME_BASE = "@rpath";
				GENERATE_INFOPLIST_FILE = YES;
				INFOPLIST_KEY_NSPrincipalClass = "";
				INSTALL_PATH = "$(LOCAL_LIBRARY_DIR)/Frameworks";
				IPHONEOS_DEPLOYMENT_TARGET = 16.0;
				LD_RUNPATH_SEARCH_PATHS = (
					"$(inherited)",
					"@executable_path/Frameworks",
					"@loader_path/Frameworks",
				);
				PRODUCT_BUNDLE_IDENTIFIER = "ru.artpancreas.2CTSS65L58.PickleLinkKit";
				PRODUCT_NAME = "$(TARGET_NAME)";
				SKIP_INSTALL = YES;
				SUPPORTED_PLATFORMS = "iphoneos iphonesimulator";
				SUPPORTS_MACCATALYST = NO;
				SWIFT_VERSION = 5.0;
				TARGETED_DEVICE_FAMILY = "1,2";
			};
			name = Release;
		};
		/* PickleLinkKitUI target configs */
		031D2ED15D814E069B190DE1 /* Debug */ = {
			isa = XCBuildConfiguration;
			buildSettings = {
				CLANG_ENABLE_MODULES = YES;
				CODE_SIGN_STYLE = Automatic;
				DEFINES_MODULE = YES;
				DEVELOPMENT_TEAM = 2CTSS65L58;
				DYLIB_COMPATIBILITY_VERSION = 1;
				DYLIB_CURRENT_VERSION = 1;
				DYLIB_INSTALL_NAME_BASE = "@rpath";
				GENERATE_INFOPLIST_FILE = YES;
				INFOPLIST_KEY_NSPrincipalClass = "";
				INSTALL_PATH = "$(LOCAL_LIBRARY_DIR)/Frameworks";
				IPHONEOS_DEPLOYMENT_TARGET = 16.0;
				LD_RUNPATH_SEARCH_PATHS = (
					"$(inherited)",
					"@executable_path/Frameworks",
					"@loader_path/Frameworks",
				);
				PRODUCT_BUNDLE_IDENTIFIER = "ru.artpancreas.2CTSS65L58.PickleLinkKitUI";
				PRODUCT_NAME = "$(TARGET_NAME)";
				SKIP_INSTALL = YES;
				SUPPORTED_PLATFORMS = "iphoneos iphonesimulator";
				SUPPORTS_MACCATALYST = NO;
				SWIFT_VERSION = 5.0;
				TARGETED_DEVICE_FAMILY = "1,2";
			};
			name = Debug;
		};
		188F99EADA2949C4987E2E8F /* Release */ = {
			isa = XCBuildConfiguration;
			buildSettings = {
				CLANG_ENABLE_MODULES = YES;
				CODE_SIGN_STYLE = Automatic;
				DEFINES_MODULE = YES;
				DEVELOPMENT_TEAM = 2CTSS65L58;
				DYLIB_COMPATIBILITY_VERSION = 1;
				DYLIB_CURRENT_VERSION = 1;
				DYLIB_INSTALL_NAME_BASE = "@rpath";
				GENERATE_INFOPLIST_FILE = YES;
				INFOPLIST_KEY_NSPrincipalClass = "";
				INSTALL_PATH = "$(LOCAL_LIBRARY_DIR)/Frameworks";
				IPHONEOS_DEPLOYMENT_TARGET = 16.0;
				LD_RUNPATH_SEARCH_PATHS = (
					"$(inherited)",
					"@executable_path/Frameworks",
					"@loader_path/Frameworks",
				);
				PRODUCT_BUNDLE_IDENTIFIER = "ru.artpancreas.2CTSS65L58.PickleLinkKitUI";
				PRODUCT_NAME = "$(TARGET_NAME)";
				SKIP_INSTALL = YES;
				SUPPORTED_PLATFORMS = "iphoneos iphonesimulator";
				SUPPORTS_MACCATALYST = NO;
				SWIFT_VERSION = 5.0;
				TARGETED_DEVICE_FAMILY = "1,2";
			};
			name = Release;
		};
		/* PickleLinkKitPlugin target configs */
		A14B3931BBE743C487A1F2F0 /* Debug */ = {
			isa = XCBuildConfiguration;
			buildSettings = {
				CLANG_ENABLE_MODULES = YES;
				CODE_SIGN_STYLE = Automatic;
				DEFINES_MODULE = YES;
				DEVELOPMENT_TEAM = 2CTSS65L58;
				GENERATE_INFOPLIST_FILE = NO;
				INFOPLIST_FILE = "Sources/PickleLinkKitPlugin/Info.plist";
				INSTALL_PATH = "$(LOCAL_LIBRARY_DIR)/Frameworks";
				IPHONEOS_DEPLOYMENT_TARGET = 16.0;
				LD_RUNPATH_SEARCH_PATHS = (
					"$(inherited)",
					"@executable_path/Frameworks",
					"@loader_path/Frameworks",
				);
				PRODUCT_BUNDLE_IDENTIFIER = "ru.artpancreas.2CTSS65L58.PickleLinkKitPlugin";
				PRODUCT_NAME = PickleLinkKitPlugin;
				SKIP_INSTALL = YES;
				SUPPORTED_PLATFORMS = "iphoneos iphonesimulator";
				SUPPORTS_MACCATALYST = NO;
				SWIFT_VERSION = 5.0;
				TARGETED_DEVICE_FAMILY = "1,2";
				WRAPPER_EXTENSION = loopplugin;
			};
			name = Debug;
		};
		B459F597FC184B91BC181F66 /* Release */ = {
			isa = XCBuildConfiguration;
			buildSettings = {
				CLANG_ENABLE_MODULES = YES;
				CODE_SIGN_STYLE = Automatic;
				DEFINES_MODULE = YES;
				DEVELOPMENT_TEAM = 2CTSS65L58;
				GENERATE_INFOPLIST_FILE = NO;
				INFOPLIST_FILE = "Sources/PickleLinkKitPlugin/Info.plist";
				INSTALL_PATH = "$(LOCAL_LIBRARY_DIR)/Frameworks";
				IPHONEOS_DEPLOYMENT_TARGET = 16.0;
				LD_RUNPATH_SEARCH_PATHS = (
					"$(inherited)",
					"@executable_path/Frameworks",
					"@loader_path/Frameworks",
				);
				PRODUCT_BUNDLE_IDENTIFIER = "ru.artpancreas.2CTSS65L58.PickleLinkKitPlugin";
				PRODUCT_NAME = PickleLinkKitPlugin;
				SKIP_INSTALL = YES;
				SUPPORTED_PLATFORMS = "iphoneos iphonesimulator";
				SUPPORTS_MACCATALYST = NO;
				SWIFT_VERSION = 5.0;
				TARGETED_DEVICE_FAMILY = "1,2";
				WRAPPER_EXTENSION = loopplugin;
			};
			name = Release;
		};
/* End XCBuildConfiguration section */

/* Begin XCConfigurationList section */
		E0724875E73F4501BA80340F /* Build configuration list for PBXProject "PickleLinkKit" */ = {
			isa = XCConfigurationList;
			buildConfigurations = (
				BB7CE954511D4626A12BF19A /* Debug */,
				8778B2E343444B72A7485C3E /* Release */,
			);
			defaultConfigurationIsVisible = 0;
			defaultConfigurationName = Release;
		};
		AB64CB522B6D4625A24C8726 /* Build configuration list for PBXNativeTarget "PickleLinkKit" */ = {
			isa = XCConfigurationList;
			buildConfigurations = (
				71982CB8D9C846F7B0D8A6EE /* Debug */,
				5591EBC3644445A594FB4054 /* Release */,
			);
			defaultConfigurationIsVisible = 0;
			defaultConfigurationName = Release;
		};
		6020258F4CF745D397D1266D /* Build configuration list for PBXNativeTarget "PickleLinkKitUI" */ = {
			isa = XCConfigurationList;
			buildConfigurations = (
				031D2ED15D814E069B190DE1 /* Debug */,
				188F99EADA2949C4987E2E8F /* Release */,
			);
			defaultConfigurationIsVisible = 0;
			defaultConfigurationName = Release;
		};
		96D9302A6DFE492CBB98072F /* Build configuration list for PBXNativeTarget "PickleLinkKitPlugin" */ = {
			isa = XCConfigurationList;
			buildConfigurations = (
				A14B3931BBE743C487A1F2F0 /* Debug */,
				B459F597FC184B91BC181F66 /* Release */,
			);
			defaultConfigurationIsVisible = 0;
			defaultConfigurationName = Release;
		};
/* End XCConfigurationList section */

	};
	rootObject = 6D5C1753945D424E80205B25 /* Project object */;
}
