// !$*UTF8*$!
{
	archiveVersion = 1;
	classes = {
	};
	objectVersion = 60;
	objects = {

/* Begin PBXBuildFile section */
		/* PickleLinkKit sources */
		E1584171F2904889A05A45AC /* PickleLinkBLEManager.swift in Sources */ = {isa = PBXBuildFile; fileRef = 2155C493064F460BA4A218E6 /* PickleLinkBLEManager.swift */; };
		AA52F185E1E741708BDEE89F /* PickleLinkPeripheral.swift in Sources */ = {isa = PBXBuildFile; fileRef = 7737EBF99A7A4AD1A97E05D0 /* PickleLinkPeripheral.swift */; };
		FF9693E57ACD494C82519F5B /* PickleLinkUUIDs.swift in Sources */ = {isa = PBXBuildFile; fileRef = 9E80A0BB3B174AA4863E8060 /* PickleLinkUUIDs.swift */; };
		2C9F3D09D3E345FD8DCEF262 /* CommandSession.swift in Sources */ = {isa = PBXBuildFile; fileRef = 42DD7854C7A746B885C7FB33 /* CommandSession.swift */; };
		031192286EA344458D4123E9 /* CommandTransport.swift in Sources */ = {isa = PBXBuildFile; fileRef = 101EDB9F40C047B793C327D7 /* CommandTransport.swift */; };
		A2CD55AA840C429A8153143A /* SmartBridgeCommand.swift in Sources */ = {isa = PBXBuildFile; fileRef = 9DE0EC7FEA174FFD8EA0D7C6 /* SmartBridgeCommand.swift */; };
		BC26FE80CE074F6DAF0FFD3C /* SmartBridgeResponse.swift in Sources */ = {isa = PBXBuildFile; fileRef = 9F80BF0F34A146D0B82643FA /* SmartBridgeResponse.swift */; };
		A0BE48D138F14DDA9CF37845 /* SmartBridgeStatus.swift in Sources */ = {isa = PBXBuildFile; fileRef = D671AD8E08BD4462AE93CB17 /* SmartBridgeStatus.swift */; };
		F904B750C7E54A83BDE5B3C1 /* StatusEvent.swift in Sources */ = {isa = PBXBuildFile; fileRef = 3AA440849B814B28AE3F01DC /* StatusEvent.swift */; };
		F039AB985B7A4582A1DD086A /* PickleLinkClient.swift in Sources */ = {isa = PBXBuildFile; fileRef = AA25CFCEC1BE4880B9CC8A28 /* PickleLinkClient.swift */; };
		44F5FCD209A44FAD9E1BB024 /* DoseProgressEstimator.swift in Sources */ = {isa = PBXBuildFile; fileRef = 2439508ECB4948B4BCFDA0EF /* DoseProgressEstimator.swift */; };
		B5266133473C446B85DDC9C3 /* HistorySync.swift in Sources */ = {isa = PBXBuildFile; fileRef = 2CC07258D99F4B5684266A9F /* HistorySync.swift */; };
		PL03000000000001 /* CRC16.swift in Sources */ = {isa = PBXBuildFile; fileRef = PL03000000000011 /* CRC16.swift */; };
		DE9A1662CF2242C1B002BE4B /* PickleLinkConversions.swift in Sources */ = {isa = PBXBuildFile; fileRef = 3272B2FB81714D1EB337C259 /* PickleLinkConversions.swift */; };
		8D9D3412A480472CB40F327A /* PickleLinkPumpManager.swift in Sources */ = {isa = PBXBuildFile; fileRef = 27CDC9ACB78A42E9B788DDFF /* PickleLinkPumpManager.swift */; };
		95CB983559964F1FB2928B13 /* PickleLinkPumpManagerState.swift in Sources */ = {isa = PBXBuildFile; fileRef = B0C34C783FB54436836A97EC /* PickleLinkPumpManagerState.swift */; };
		/* LoopKit + MinimedKit linked into PickleLinkKit */
		1E50F39A2BF045ED8E180916 /* LoopKit.framework in Frameworks */ = {isa = PBXBuildFile; fileRef = 52863A23AFB446CA90C2DFF5 /* LoopKit.framework */; };
		A3F2B11DE5C04D1A92F5B678 /* MinimedKit.framework in Frameworks */ = {isa = PBXBuildFile; fileRef = 5600FEC9FA7242788D398EAA /* MinimedKit.framework */; };
		/* PickleLinkKitUI sources */
		E6F4893253444CB3B9782458 /* PickleLinkPumpManager+UI.swift in Sources */ = {isa = PBXBuildFile; fileRef = 06DA76A647E64DC6BAB1851F /* PickleLinkPumpManager+UI.swift */; };
		F885BAAC827A4F9C8A9A43F7 /* PickleLinkUICoordinator.swift in Sources */ = {isa = PBXBuildFile; fileRef = F2E4DF2791DC47208A41AE02 /* PickleLinkUICoordinator.swift */; };
		E2B7F7549CF44FB79FE9BB9A /* SetupModel.swift in Sources */ = {isa = PBXBuildFile; fileRef = AF268CF407524F83870B8D33 /* SetupModel.swift */; };
		54E9EC37F405414AB81F5D0B /* PickleLinkSettingsView.swift in Sources */ = {isa = PBXBuildFile; fileRef = A5E039C4A954496AAA59340D /* PickleLinkSettingsView.swift */; };
		PL02000000000001 /* PickleLinkNativeSettingsView.swift in Sources */ = {isa = PBXBuildFile; fileRef = PL02000000000011 /* PickleLinkNativeSettingsView.swift */; };
		PL02000000000002 /* PickleLinkSettingsViewModel.swift in Sources */ = {isa = PBXBuildFile; fileRef = PL02000000000012 /* PickleLinkSettingsViewModel.swift */; };
		PL02000000000003 /* PickleLinkListDataSource.swift in Sources */ = {isa = PBXBuildFile; fileRef = PL02000000000013 /* PickleLinkListDataSource.swift */; };
		48F446EFFBB34B09950FD8D1 /* FrequencyView.swift in Sources */ = {isa = PBXBuildFile; fileRef = 02EE2FB045D74179A28D781B /* FrequencyView.swift */; };
		8D8F77C56E534C34AB96F19A /* PairingView.swift in Sources */ = {isa = PBXBuildFile; fileRef = 586DE0EF6366454EA8944116 /* PairingView.swift */; };
		463C8A83013F4A8E9CE6643A /* PumpIDEntryView.swift in Sources */ = {isa = PBXBuildFile; fileRef = 9315FB7A718044528CE6BE4A /* PumpIDEntryView.swift */; };
		85B71742B6E147C8A2C5117D /* ScanView.swift in Sources */ = {isa = PBXBuildFile; fileRef = AF0B8AC5778245429BA42845 /* ScanView.swift */; };
		F9526DA05E404D9D86B1E857 /* SetupCompleteView.swift in Sources */ = {isa = PBXBuildFile; fileRef = EDD2C9A8F92547FC9F66651D /* SetupCompleteView.swift */; };
		/* LoopKitUI linked into PickleLinkKitUI */
		BD147FE0CF2840B590714A17 /* LoopKitUI.framework in Frameworks */ = {isa = PBXBuildFile; fileRef = 8E68EACAB44D438EBA600D7B /* LoopKitUI.framework */; };
		/* PickleLinkKit linked into PickleLinkKitUI */
		B9A5B86A3FA140CE8F27DA87 /* PickleLinkKit.framework in Frameworks */ = {isa = PBXBuildFile; fileRef = 11DCA3A85FE24F309E2CBBC0 /* PickleLinkKit.framework */; };
		/* PickleLinkKitPlugin sources */
		2D7041D1EAD24258A8C8CEE7 /* PickleLinkPlugin.swift in Sources */ = {isa = PBXBuildFile; fileRef = CE77CB86C2404936B902A9FC /* PickleLinkPlugin.swift */; };
		/* Frameworks linked into Plugin */
		C3A75C4197C6454D8E2B1374 /* PickleLinkKit.framework in Frameworks */ = {isa = PBXBuildFile; fileRef = 11DCA3A85FE24F309E2CBBC0 /* PickleLinkKit.framework */; };
		34C5CDCA40404FB08BC34DE5 /* PickleLinkKitUI.framework in Frameworks */ = {isa = PBXBuildFile; fileRef = 70B83BD17B254E94AFC71802 /* PickleLinkKitUI.framework */; };
		/* Embedded frameworks inside Plugin.loopplugin (only PickleLinkKit+UI — LoopKit/MinimedKit live in the host app) */
		ECB260266E804ECD97943545 /* PickleLinkKit.framework in Embed Frameworks */ = {isa = PBXBuildFile; fileRef = 11DCA3A85FE24F309E2CBBC0 /* PickleLinkKit.framework */; settings = {ATTRIBUTES = (CodeSignOnCopy, RemoveHeadersOnCopy, ); }; };
		0709618A474F4B298B8DA27E /* PickleLinkKitUI.framework in Embed Frameworks */ = {isa = PBXBuildFile; fileRef = 70B83BD17B254E94AFC71802 /* PickleLinkKitUI.framework */; settings = {ATTRIBUTES = (CodeSignOnCopy, RemoveHeadersOnCopy, ); }; };
/* End PBXBuildFile section */

/* Begin PBXCopyFilesBuildPhase section */
		3CA96A45F55C4813A83D8A70 /* Embed Frameworks */ = {
			isa = PBXCopyFilesBuildPhase;
			buildActionMask = 2147483647;
			dstPath = "";
			dstSubfolderSpec = 10;
			files = (
				ECB260266E804ECD97943545 /* PickleLinkKit.framework in Embed Frameworks */,
				0709618A474F4B298B8DA27E /* PickleLinkKitUI.framework in Embed Frameworks */,
			);
			name = "Embed Frameworks";
			runOnlyForDeploymentPostprocessing = 0;
		};
/* End PBXCopyFilesBuildPhase section */

/* Begin PBXFileReference section */
		/* Products */
		11DCA3A85FE24F309E2CBBC0 /* PickleLinkKit.framework */ = {isa = PBXFileReference; explicitFileType = wrapper.framework; includeInIndex = 0; path = PickleLinkKit.framework; sourceTree = BUILT_PRODUCTS_DIR; };
		70B83BD17B254E94AFC71802 /* PickleLinkKitUI.framework */ = {isa = PBXFileReference; explicitFileType = wrapper.framework; includeInIndex = 0; path = PickleLinkKitUI.framework; sourceTree = BUILT_PRODUCTS_DIR; };
		F21EB464C7954985B020C4B9 /* PickleLinkKitPlugin.loopplugin */ = {isa = PBXFileReference; explicitFileType = wrapper.framework; includeInIndex = 0; path = PickleLinkKitPlugin.loopplugin; sourceTree = BUILT_PRODUCTS_DIR; };
		/* External framework refs (from workspace BUILT_PRODUCTS_DIR) */
		52863A23AFB446CA90C2DFF5 /* LoopKit.framework */ = {isa = PBXFileReference; explicitFileType = wrapper.framework; path = LoopKit.framework; sourceTree = BUILT_PRODUCTS_DIR; };
		8E68EACAB44D438EBA600D7B /* LoopKitUI.framework */ = {isa = PBXFileReference; explicitFileType = wrapper.framework; path = LoopKitUI.framework; sourceTree = BUILT_PRODUCTS_DIR; };
		5600FEC9FA7242788D398EAA /* MinimedKit.framework */ = {isa = PBXFileReference; explicitFileType = wrapper.framework; path = MinimedKit.framework; sourceTree = BUILT_PRODUCTS_DIR; };
		/* PickleLinkKit core sources */
		2155C493064F460BA4A218E6 /* PickleLinkBLEManager.swift */ = {isa = PBXFileReference; fileEncoding = 4; lastKnownFileType = sourcecode.swift; path = PickleLinkBLEManager.swift; sourceTree = "<group>"; };
		7737EBF99A7A4AD1A97E05D0 /* PickleLinkPeripheral.swift */ = {isa = PBXFileReference; fileEncoding = 4; lastKnownFileType = sourcecode.swift; path = PickleLinkPeripheral.swift; sourceTree = "<group>"; };
		9E80A0BB3B174AA4863E8060 /* PickleLinkUUIDs.swift */ = {isa = PBXFileReference; fileEncoding = 4; lastKnownFileType = sourcecode.swift; path = PickleLinkUUIDs.swift; sourceTree = "<group>"; };
		42DD7854C7A746B885C7FB33 /* CommandSession.swift */ = {isa = PBXFileReference; fileEncoding = 4; lastKnownFileType = sourcecode.swift; path = CommandSession.swift; sourceTree = "<group>"; };
		101EDB9F40C047B793C327D7 /* CommandTransport.swift */ = {isa = PBXFileReference; fileEncoding = 4; lastKnownFileType = sourcecode.swift; path = CommandTransport.swift; sourceTree = "<group>"; };
		9DE0EC7FEA174FFD8EA0D7C6 /* SmartBridgeCommand.swift */ = {isa = PBXFileReference; fileEncoding = 4; lastKnownFileType = sourcecode.swift; path = SmartBridgeCommand.swift; sourceTree = "<group>"; };
		9F80BF0F34A146D0B82643FA /* SmartBridgeResponse.swift */ = {isa = PBXFileReference; fileEncoding = 4; lastKnownFileType = sourcecode.swift; path = SmartBridgeResponse.swift; sourceTree = "<group>"; };
		D671AD8E08BD4462AE93CB17 /* SmartBridgeStatus.swift */ = {isa = PBXFileReference; fileEncoding = 4; lastKnownFileType = sourcecode.swift; path = SmartBridgeStatus.swift; sourceTree = "<group>"; };
		3AA440849B814B28AE3F01DC /* StatusEvent.swift */ = {isa = PBXFileReference; fileEncoding = 4; lastKnownFileType = sourcecode.swift; path = StatusEvent.swift; sourceTree = "<group>"; };
		AA25CFCEC1BE4880B9CC8A28 /* PickleLinkClient.swift */ = {isa = PBXFileReference; fileEncoding = 4; lastKnownFileType = sourcecode.swift; path = PickleLinkClient.swift; sourceTree = "<group>"; };
		2439508ECB4948B4BCFDA0EF /* DoseProgressEstimator.swift */ = {isa = PBXFileReference; fileEncoding = 4; lastKnownFileType = sourcecode.swift; path = DoseProgressEstimator.swift; sourceTree = "<group>"; };
		2CC07258D99F4B5684266A9F /* HistorySync.swift */ = {isa = PBXFileReference; fileEncoding = 4; lastKnownFileType = sourcecode.swift; path = HistorySync.swift; sourceTree = "<group>"; };
		PL03000000000011 /* CRC16.swift */ = {isa = PBXFileReference; fileEncoding = 4; lastKnownFileType = sourcecode.swift; path = CRC16.swift; sourceTree = "<group>"; };
		3272B2FB81714D1EB337C259 /* PickleLinkConversions.swift */ = {isa = PBXFileReference; fileEncoding = 4; lastKnownFileType = sourcecode.swift; path = PickleLinkConversions.swift; sourceTree = "<group>"; };
		27CDC9ACB78A42E9B788DDFF /* PickleLinkPumpManager.swift */ = {isa = PBXFileReference; fileEncoding = 4; lastKnownFileType = sourcecode.swift; path = PickleLinkPumpManager.swift; sourceTree = "<group>"; };
		B0C34C783FB54436836A97EC /* PickleLinkPumpManagerState.swift */ = {isa = PBXFileReference; fileEncoding = 4; lastKnownFileType = sourcecode.swift; path = PickleLinkPumpManagerState.swift; sourceTree = "<group>"; };
		/* PickleLinkKitUI sources */
		06DA76A647E64DC6BAB1851F /* PickleLinkPumpManager+UI.swift */ = {isa = PBXFileReference; fileEncoding = 4; lastKnownFileType = sourcecode.swift; path = "PickleLinkPumpManager+UI.swift"; sourceTree = "<group>"; };
		F2E4DF2791DC47208A41AE02 /* PickleLinkUICoordinator.swift */ = {isa = PBXFileReference; fileEncoding = 4; lastKnownFileType = sourcecode.swift; path = PickleLinkUICoordinator.swift; sourceTree = "<group>"; };
		AF268CF407524F83870B8D33 /* SetupModel.swift */ = {isa = PBXFileReference; fileEncoding = 4; lastKnownFileType = sourcecode.swift; path = SetupModel.swift; sourceTree = "<group>"; };
		A5E039C4A954496AAA59340D /* PickleLinkSettingsView.swift */ = {isa = PBXFileReference; fileEncoding = 4; lastKnownFileType = sourcecode.swift; path = PickleLinkSettingsView.swift; sourceTree = "<group>"; };
		PL02000000000011 /* PickleLinkNativeSettingsView.swift */ = {isa = PBXFileReference; fileEncoding = 4; lastKnownFileType = sourcecode.swift; path = PickleLinkNativeSettingsView.swift; sourceTree = "<group>"; };
		PL02000000000012 /* PickleLinkSettingsViewModel.swift */ = {isa = PBXFileReference; fileEncoding = 4; lastKnownFileType = sourcecode.swift; path = PickleLinkSettingsViewModel.swift; sourceTree = "<group>"; };
		PL02000000000013 /* PickleLinkListDataSource.swift */ = {isa = PBXFileReference; fileEncoding = 4; lastKnownFileType = sourcecode.swift; path = PickleLinkListDataSource.swift; sourceTree = "<group>"; };
		02EE2FB045D74179A28D781B /* FrequencyView.swift */ = {isa = PBXFileReference; fileEncoding = 4; lastKnownFileType = sourcecode.swift; path = FrequencyView.swift; sourceTree = "<group>"; };
		586DE0EF6366454EA8944116 /* PairingView.swift */ = {isa = PBXFileReference; fileEncoding = 4; lastKnownFileType = sourcecode.swift; path = PairingView.swift; sourceTree = "<group>"; };
		9315FB7A718044528CE6BE4A /* PumpIDEntryView.swift */ = {isa = PBXFileReference; fileEncoding = 4; lastKnownFileType = sourcecode.swift; path = PumpIDEntryView.swift; sourceTree = "<group>"; };
		AF0B8AC5778245429BA42845 /* ScanView.swift */ = {isa = PBXFileReference; fileEncoding = 4; lastKnownFileType = sourcecode.swift; path = ScanView.swift; sourceTree = "<group>"; };
		EDD2C9A8F92547FC9F66651D /* SetupCompleteView.swift */ = {isa = PBXFileReference; fileEncoding = 4; lastKnownFileType = sourcecode.swift; path = SetupCompleteView.swift; sourceTree = "<group>"; };
		/* PickleLinkKitPlugin sources */
		CE77CB86C2404936B902A9FC /* PickleLinkPlugin.swift */ = {isa = PBXFileReference; fileEncoding = 4; lastKnownFileType = sourcecode.swift; path = PickleLinkPlugin.swift; sourceTree = "<group>"; };
		ECE5D613E2C6442EBFEEF50A /* Info.plist */ = {isa = PBXFileReference; fileEncoding = 4; lastKnownFileType = text.plist.xml; path = Info.plist; sourceTree = "<group>"; };
/* End PBXFileReference section */

/* Begin PBXFrameworksBuildPhase section */
		D0EDE9BDBD604EAFAD21FE61 /* Frameworks */ = {
			isa = PBXFrameworksBuildPhase;
			buildActionMask = 2147483647;
			files = (
				1E50F39A2BF045ED8E180916 /* LoopKit.framework in Frameworks */,
				A3F2B11DE5C04D1A92F5B678 /* MinimedKit.framework in Frameworks */,
			);
			runOnlyForDeploymentPostprocessing = 0;
		};
		93952183BBAC42318421F88C /* Frameworks */ = {
			isa = PBXFrameworksBuildPhase;
			buildActionMask = 2147483647;
			files = (
				BD147FE0CF2840B590714A17 /* LoopKitUI.framework in Frameworks */,
				B9A5B86A3FA140CE8F27DA87 /* PickleLinkKit.framework in Frameworks */,
			);
			runOnlyForDeploymentPostprocessing = 0;
		};
		BC5D1D08BC80447F83B3CDD6 /* Frameworks */ = {
			isa = PBXFrameworksBuildPhase;
			buildActionMask = 2147483647;
			files = (
				C3A75C4197C6454D8E2B1374 /* PickleLinkKit.framework in Frameworks */,
				34C5CDCA40404FB08BC34DE5 /* PickleLinkKitUI.framework in Frameworks */,
			);
			runOnlyForDeploymentPostprocessing = 0;
		};
/* End PBXFrameworksBuildPhase section */

/* Begin PBXGroup section */
		AD1E774306EE4718BFBCD13F = {
			isa = PBXGroup;
			children = (
				DBCDD581790244459B5ED3AB /* PickleLinkKit */,
				4BE67DE7B1BF4E21A41FE41B /* PickleLinkKitUI */,
				79BDFA5A254A429AA839FF8C /* PickleLinkKitPlugin */,
				12BC386A1D724018AE4255B0 /* Products */,
			);
			sourceTree = "<group>";
		};
		12BC386A1D724018AE4255B0 /* Products */ = {
			isa = PBXGroup;
			children = (
				11DCA3A85FE24F309E2CBBC0 /* PickleLinkKit.framework */,
				70B83BD17B254E94AFC71802 /* PickleLinkKitUI.framework */,
				F21EB464C7954985B020C4B9 /* PickleLinkKitPlugin.loopplugin */,
			);
			name = Products;
			sourceTree = "<group>";
		};
		DBCDD581790244459B5ED3AB /* PickleLinkKit */ = {
			isa = PBXGroup;
			children = (
				F80828C4F21746BEB4B7E612 /* BLE */,
				308016F5394944DE9176F67E /* Protocol */,
				1FCAAC4906254F56B60D527A /* PumpManager */,
				AA25CFCEC1BE4880B9CC8A28 /* PickleLinkClient.swift */,
			);
			path = "Sources/PickleLinkKit";
			sourceTree = "<group>";
		};
		F80828C4F21746BEB4B7E612 /* BLE */ = {
			isa = PBXGroup;
			children = (
				2155C493064F460BA4A218E6 /* PickleLinkBLEManager.swift */,
				7737EBF99A7A4AD1A97E05D0 /* PickleLinkPeripheral.swift */,
				9E80A0BB3B174AA4863E8060 /* PickleLinkUUIDs.swift */,
				42DD7854C7A746B885C7FB33 /* CommandSession.swift */,
				101EDB9F40C047B793C327D7 /* CommandTransport.swift */,
			);
			path = BLE;
			sourceTree = "<group>";
		};
		308016F5394944DE9176F67E /* Protocol */ = {
			isa = PBXGroup;
			children = (
				9DE0EC7FEA174FFD8EA0D7C6 /* SmartBridgeCommand.swift */,
				9F80BF0F34A146D0B82643FA /* SmartBridgeResponse.swift */,
				D671AD8E08BD4462AE93CB17 /* SmartBridgeStatus.swift */,
				3AA440849B814B28AE3F01DC /* StatusEvent.swift */,
			);
			path = Protocol;
			sourceTree = "<group>";
		};
		1FCAAC4906254F56B60D527A /* PumpManager */ = {
			isa = PBXGroup;
			children = (
				PL03000000000011 /* CRC16.swift */,
				2439508ECB4948B4BCFDA0EF /* DoseProgressEstimator.swift */,
				2CC07258D99F4B5684266A9F /* HistorySync.swift */,
				3272B2FB81714D1EB337C259 /* PickleLinkConversions.swift */,
				27CDC9ACB78A42E9B788DDFF /* PickleLinkPumpManager.swift */,
				B0C34C783FB54436836A97EC /* PickleLinkPumpManagerState.swift */,
			);
			path = PumpManager;
			sourceTree = "<group>";
		};
		4BE67DE7B1BF4E21A41FE41B /* PickleLinkKitUI */ = {
			isa = PBXGroup;
			children = (
				06DA76A647E64DC6BAB1851F /* PickleLinkPumpManager+UI.swift */,
				F2E4DF2791DC47208A41AE02 /* PickleLinkUICoordinator.swift */,
				AF268CF407524F83870B8D33 /* SetupModel.swift */,
				7F4C124792F949C9A8511923 /* Settings */,
				BADABC15E3D34CF8BBB4DF18 /* Setup */,
			);
			path = "Sources/PickleLinkKitUI";
			sourceTree = "<group>";
		};
		7F4C124792F949C9A8511923 /* Settings */ = {
			isa = PBXGroup;
			children = (
				A5E039C4A954496AAA59340D /* PickleLinkSettingsView.swift */,
				PL02000000000011 /* PickleLinkNativeSettingsView.swift */,
				PL02000000000012 /* PickleLinkSettingsViewModel.swift */,
				PL02000000000013 /* PickleLinkListDataSource.swift */,
			);
			path = Settings;
			sourceTree = "<group>";
		};
		BADABC15E3D34CF8BBB4DF18 /* Setup */ = {
			isa = PBXGroup;
			children = (
				02EE2FB045D74179A28D781B /* FrequencyView.swift */,
				586DE0EF6366454EA8944116 /* PairingView.swift */,
				9315FB7A718044528CE6BE4A /* PumpIDEntryView.swift */,
				AF0B8AC5778245429BA42845 /* ScanView.swift */,
				EDD2C9A8F92547FC9F66651D /* SetupCompleteView.swift */,
			);
			path = Setup;
			sourceTree = "<group>";
		};
		79BDFA5A254A429AA839FF8C /* PickleLinkKitPlugin */ = {
			isa = PBXGroup;
			children = (
				CE77CB86C2404936B902A9FC /* PickleLinkPlugin.swift */,
				ECE5D613E2C6442EBFEEF50A /* Info.plist */,
			);
			path = "Sources/PickleLinkKitPlugin";
			sourceTree = "<group>";
		};
/* End PBXGroup section */

/* Begin PBXNativeTarget section */
		54B61FBB867F4E769CF9E714 /* PickleLinkKit */ = {
			isa = PBXNativeTarget;
			buildConfigurationList = AB64CB522B6D4625A24C8726 /* Build configuration list for PBXNativeTarget "PickleLinkKit" */;
			buildPhases = (
				D0EDE9BDBD604EAFAD21FE61 /* Frameworks */,
				2F32A1329F8F46278FB4EAFB /* Sources */,
				8F7CD03141D14D7EAF21C17C /* Headers */,
			);
			buildRules = (
			);
			dependencies = (
			);
			name = PickleLinkKit;
			productName = PickleLinkKit;
			productReference = 11DCA3A85FE24F309E2CBBC0 /* PickleLinkKit.framework */;
			productType = "com.apple.product-type.framework";
		};
		B7FFC3AF51AA44EF9ACEC69B /* PickleLinkKitUI */ = {
			isa = PBXNativeTarget;
			buildConfigurationList = 6020258F4CF745D397D1266D /* Build configuration list for PBXNativeTarget "PickleLinkKitUI" */;
			buildPhases = (
				93952183BBAC42318421F88C /* Frameworks */,
				69C13C5459A4439793AD4BFD /* Sources */,
				0E41E7AEF39842E7B6209841 /* Headers */,
			);
			buildRules = (
			);
			dependencies = (
				52FC89928F1D4588A4949CCA /* PBXTargetDependency */,
			);
			name = PickleLinkKitUI;
			productName = PickleLinkKitUI;
			productReference = 70B83BD17B254E94AFC71802 /* PickleLinkKitUI.framework */;
			productType = "com.apple.product-type.framework";
		};
		624A728A0D6143AFB8B1222E /* PickleLinkKitPlugin */ = {
			isa = PBXNativeTarget;
			buildConfigurationList = 96D9302A6DFE492CBB98072F /* Build configuration list for PBXNativeTarget "PickleLinkKitPlugin" */;
			buildPhases = (
				BC5D1D08BC80447F83B3CDD6 /* Frameworks */,
				7C43A73715A545CCB253EFCB /* Sources */,
				3CA96A45F55C4813A83D8A70 /* Embed Frameworks */,
			);
			buildRules = (
			);
			dependencies = (
				002202923AD24394ABBC7F72 /* PBXTargetDependency */,
				A39A06BCBEDD4E13A6ADE1ED /* PBXTargetDependency */,
			);
			name = PickleLinkKitPlugin;
			productName = PickleLinkKitPlugin;
			productReference = F21EB464C7954985B020C4B9 /* PickleLinkKitPlugin.loopplugin */;
			productType = "com.apple.product-type.framework";
		};
/* End PBXNativeTarget section */

/* Begin PBXProject section */
		6D5C1753945D424E80205B25 /* Project object */ = {
			isa = PBXProject;
			attributes = {
				BuildIndependentTargetsInParallel = YES;
				LastSwiftUpdateCheck = 1500;
				LastUpgradeCheck = 1500;
			};
			buildConfigurationList = E0724875E73F4501BA80340F /* Build configuration list for PBXProject "PickleLinkKit" */;
			compatibilityVersion = "Xcode 14.0";
			developmentRegion = en;
			hasScannedForEncodings = 0;
			knownRegions = (
				en,
				Base,
			);
			mainGroup = AD1E774306EE4718BFBCD13F;
			productRefGroup = 12BC386A1D724018AE4255B0 /* Products */;
			projectDirPath = "";
			projectRoot = "";
			targets = (
				54B61FBB867F4E769CF9E714 /* PickleLinkKit */,
				B7FFC3AF51AA44EF9ACEC69B /* PickleLinkKitUI */,
				624A728A0D6143AFB8B1222E /* PickleLinkKitPlugin */,
			);
		};
/* End PBXProject section */

/* Begin PBXSourcesBuildPhase section */
		2F32A1329F8F46278FB4EAFB /* Sources */ = {
			isa = PBXSourcesBuildPhase;
			buildActionMask = 2147483647;
			files = (
				E1584171F2904889A05A45AC /* PickleLinkBLEManager.swift in Sources */,
				AA52F185E1E741708BDEE89F /* PickleLinkPeripheral.swift in Sources */,
				FF9693E57ACD494C82519F5B /* PickleLinkUUIDs.swift in Sources */,
				2C9F3D09D3E345FD8DCEF262 /* CommandSession.swift in Sources */,
				031192286EA344458D4123E9 /* CommandTransport.swift in Sources */,
				A2CD55AA840C429A8153143A /* SmartBridgeCommand.swift in Sources */,
				BC26FE80CE074F6DAF0FFD3C /* SmartBridgeResponse.swift in Sources */,
				A0BE48D138F14DDA9CF37845 /* SmartBridgeStatus.swift in Sources */,
				F904B750C7E54A83BDE5B3C1 /* StatusEvent.swift in Sources */,
				F039AB985B7A4582A1DD086A /* PickleLinkClient.swift in Sources */,
				44F5FCD209A44FAD9E1BB024 /* DoseProgressEstimator.swift in Sources */,
				B5266133473C446B85DDC9C3 /* HistorySync.swift in Sources */,
				PL03000000000001 /* CRC16.swift in Sources */,
				DE9A1662CF2242C1B002BE4B /* PickleLinkConversions.swift in Sources */,
				8D9D3412A480472CB40F327A /* PickleLinkPumpManager.swift in Sources */,
				95CB983559964F1FB2928B13 /* PickleLinkPumpManagerState.swift in Sources */,
			);
			runOnlyForDeploymentPostprocessing = 0;
		};
		69C13C5459A4439793AD4BFD /* Sources */ = {
			isa = PBXSourcesBuildPhase;
			buildActionMask = 2147483647;
			files = (
				E6F4893253444CB3B9782458 /* PickleLinkPumpManager+UI.swift in Sources */,
				F885BAAC827A4F9C8A9A43F7 /* PickleLinkUICoordinator.swift in Sources */,
				E2B7F7549CF44FB79FE9BB9A /* SetupModel.swift in Sources */,
				54E9EC37F405414AB81F5D0B /* PickleLinkSettingsView.swift in Sources */,
				PL02000000000001 /* PickleLinkNativeSettingsView.swift in Sources */,
				PL02000000000002 /* PickleLinkSettingsViewModel.swift in Sources */,
				PL02000000000003 /* PickleLinkListDataSource.swift in Sources */,
				48F446EFFBB34B09950FD8D1 /* FrequencyView.swift in Sources */,
				8D8F77C56E534C34AB96F19A /* PairingView.swift in Sources */,
				463C8A83013F4A8E9CE6643A /* PumpIDEntryView.swift in Sources */,
				85B71742B6E147C8A2C5117D /* ScanView.swift in Sources */,
				F9526DA05E404D9D86B1E857 /* SetupCompleteView.swift in Sources */,
			);
			runOnlyForDeploymentPostprocessing = 0;
		};
		7C43A73715A545CCB253EFCB /* Sources */ = {
			isa = PBXSourcesBuildPhase;
			buildActionMask = 2147483647;
			files = (
				2D7041D1EAD24258A8C8CEE7 /* PickleLinkPlugin.swift in Sources */,
			);
			runOnlyForDeploymentPostprocessing = 0;
		};
/* End PBXSourcesBuildPhase section */

/* Begin PBXHeadersBuildPhase section */
		8F7CD03141D14D7EAF21C17C /* Headers */ = {
			isa = PBXHeadersBuildPhase;
			buildActionMask = 2147483647;
			files = (
			);
			runOnlyForDeploymentPostprocessing = 0;
		};
		0E41E7AEF39842E7B6209841 /* Headers */ = {
			isa = PBXHeadersBuildPhase;
			buildActionMask = 2147483647;
			files = (
			);
			runOnlyForDeploymentPostprocessing = 0;
		};
/* End PBXHeadersBuildPhase section */

/* Begin PBXTargetDependency section */
		52FC89928F1D4588A4949CCA /* PBXTargetDependency */ = {
			isa = PBXTargetDependency;
			target = 54B61FBB867F4E769CF9E714 /* PickleLinkKit */;
			targetProxy = 8F321D731AFB4340BD93840E /* PBXContainerItemProxy */;
		};
		002202923AD24394ABBC7F72 /* PBXTargetDependency */ = {
			isa = PBXTargetDependency;
			target = 54B61FBB867F4E769CF9E714 /* PickleLinkKit */;
			targetProxy = 0773463172E742E3B5438899 /* PBXContainerItemProxy */;
		};
		A39A06BCBEDD4E13A6ADE1ED /* PBXTargetDependency */ = {
			isa = PBXTargetDependency;
			target = B7FFC3AF51AA44EF9ACEC69B /* PickleLinkKitUI */;
			targetProxy = 78A00C5EE88D4545A95BA75F /* PBXContainerItemProxy */;
		};
/* End PBXTargetDependency section */

/* Begin PBXContainerItemProxy section */
		8F321D731AFB4340BD93840E /* PBXContainerItemProxy */ = {
			isa = PBXContainerItemProxy;
			containerPortal = 6D5C1753945D424E80205B25 /* Project object */;
			proxyType = 1;
			remoteGlobalIDString = 54B61FBB867F4E769CF9E714;
			remoteInfo = PickleLinkKit;
		};
		0773463172E742E3B5438899 /* PBXContainerItemProxy */ = {
			isa = PBXContainerItemProxy;
			containerPortal = 6D5C1753945D424E80205B25 /* Project object */;
			proxyType = 1;
			remoteGlobalIDString = 54B61FBB867F4E769CF9E714;
			remoteInfo = PickleLinkKit;
		};
		78A00C5EE88D4545A95BA75F /* PBXContainerItemProxy */ = {
			isa = PBXContainerItemProxy;
			containerPortal = 6D5C1753945D424E80205B25 /* Project object */;
			proxyType = 1;
			remoteGlobalIDString = B7FFC3AF51AA44EF9ACEC69B;
			remoteInfo = PickleLinkKitUI;
		};
/* End PBXContainerItemProxy section */

/* Begin XCBuildConfiguration section */
		/* Project-level configs */
		BB7CE954511D4626A12BF19A /* Debug */ = {
			isa = XCBuildConfiguration;
			buildSettings = {
				ALWAYS_SEARCH_USER_PATHS = NO;
				CLANG_ANALYZER_NONNULL = YES;
				CLANG_ANALYZER_NUMBER_OBJECT_CONVERSION = YES_AGGRESSIVE;
				CLANG_CXX_LANGUAGE_STANDARD = "gnu++17";
				CLANG_ENABLE_MODULES = YES;
				CLANG_ENABLE_OBJC_ARC = YES;
				CLANG_ENABLE_OBJC_WEAK = YES;
				CLANG_WARN_BLOCK_CAPTURE_AUTORELEASING = YES;
				CLANG_WARN_BOOL_CONVERSION = YES;
				CLANG_WARN_COMMA = YES;
				CLANG_WARN_CONSTANT_CONVERSION = YES;
				CLANG_WARN_DEPRECATED_OBJC_IMPLEMENTATIONS = YES;
				CLANG_WARN_DIRECT_OBJC_ISA_USAGE = YES_ERROR;
				CLANG_WARN_DOCUMENTATION_COMMENTS = YES;
				CLANG_WARN_EMPTY_BODY = YES;
				CLANG_WARN_ENUM_CONVERSION = YES;
				CLANG_WARN_INFINITE_LOOPS = YES;
				CLANG_WARN_INT_CONVERSION = YES;
				CLANG_WARN_NON_LITERAL_NULL_CONVERSION = YES;
				CLANG_WARN_OBJC_IMPLICIT_RETAIN_CYCLES = YES;
				CLANG_WARN_OBJC_LITERAL_CONVERSION = YES;
				CLANG_WARN_OBJC_ROOT_CLASS = YES_ERROR;
				CLANG_WARN_QUOTED_INCLUDE_IN_FRAMEWORK_HEADER = YES;
				CLANG_WARN_RANGE_LOOP_ANALYSIS = YES;
				CLANG_WARN_STRICT_PROTOTYPES = YES;
				CLANG_WARN_SUSPICIOUS_MOVE = YES;
				CLANG_WARN_UNGUARDED_AVAILABILITY = YES_AGGRESSIVE;
				CLANG_WARN_UNREACHABLE_CODE = YES;
				CLANG_WARN__DUPLICATE_METHOD_MATCH = YES;
				COPY_PHASE_STRIP = NO;
				DEBUG_INFORMATION_FORMAT = dwarf;
				ENABLE_STRICT_OBJC_MSGSEND = YES;
				ENABLE_TESTABILITY = YES;
				GCC_C_LANGUAGE_STANDARD = gnu11;
				GCC_DYNAMIC_NO_PIC = NO;
				GCC_NO_COMMON_BLOCKS = YES;
				GCC_OPTIMIZATION_LEVEL = 0;
				GCC_PREPROCESSOR_DEFINITIONS = (
					"DEBUG=1",
					"$(inherited)",
				);
				GCC_WARN_64_TO_32_BIT_CONVERSION = YES;
				GCC_WARN_ABOUT_RETURN_TYPE = YES_ERROR;
				GCC_WARN_UNDECLARED_SELECTOR = YES;
				GCC_WARN_UNINITIALIZED_AUTOS = YES_AGGRESSIVE;
				GCC_WARN_UNUSED_FUNCTION = YES;
				GCC_WARN_UNUSED_VARIABLE = YES;
				IPHONEOS_DEPLOYMENT_TARGET = 16.0;
				MTL_ENABLE_DEBUG_INFO = INCLUDE_SOURCE;
				MTL_FAST_MATH = YES;
				ONLY_ACTIVE_ARCH = YES;
				SDKROOT = iphoneos;
				SWIFT_ACTIVE_COMPILATION_CONDITIONS = DEBUG;
				SWIFT_OPTIMIZATION_LEVEL = "-Onone";
			};
			name = Debug;
		};
		8778B2E343444B72A7485C3E /* Release */ = {
			isa = XCBuildConfiguration;
			buildSettings = {
				ALWAYS_SEARCH_USER_PATHS = NO;
				CLANG_ANALYZER_NONNULL = YES;
				CLANG_ANALYZER_NUMBER_OBJECT_CONVERSION = YES_AGGRESSIVE;
				CLANG_CXX_LANGUAGE_STANDARD = "gnu++17";
				CLANG_ENABLE_MODULES = YES;
				CLANG_ENABLE_OBJC_ARC = YES;
				CLANG_ENABLE_OBJC_WEAK = YES;
				CLANG_WARN_BLOCK_CAPTURE_AUTORELEASING = YES;
				CLANG_WARN_BOOL_CONVERSION = YES;
				CLANG_WARN_COMMA = YES;
				CLANG_WARN_CONSTANT_CONVERSION = YES;
				CLANG_WARN_DEPRECATED_OBJC_IMPLEMENTATIONS = YES;
				CLANG_WARN_DIRECT_OBJC_ISA_USAGE = YES_ERROR;
				CLANG_WARN_DOCUMENTATION_COMMENTS = YES;
				CLANG_WARN_EMPTY_BODY = YES;
				CLANG_WARN_ENUM_CONVERSION = YES;
				CLANG_WARN_INFINITE_LOOPS = YES;
				CLANG_WARN_INT_CONVERSION = YES;
				CLANG_WARN_NON_LITERAL_NULL_CONVERSION = YES;
				CLANG_WARN_OBJC_IMPLICIT_RETAIN_CYCLES = YES;
				CLANG_WARN_OBJC_LITERAL_CONVERSION = YES;
				CLANG_WARN_OBJC_ROOT_CLASS = YES_ERROR;
				CLANG_WARN_QUOTED_INCLUDE_IN_FRAMEWORK_HEADER = YES;
				CLANG_WARN_RANGE_LOOP_ANALYSIS = YES;
				CLANG_WARN_STRICT_PROTOTYPES = YES;
				CLANG_WARN_SUSPICIOUS_MOVE = YES;
				CLANG_WARN_UNGUARDED_AVAILABILITY = YES_AGGRESSIVE;
				CLANG_WARN_UNREACHABLE_CODE = YES;
				CLANG_WARN__DUPLICATE_METHOD_MATCH = YES;
				COPY_PHASE_STRIP = NO;
				DEBUG_INFORMATION_FORMAT = "dwarf-with-dsym";
				ENABLE_NS_ASSERTIONS = NO;
				ENABLE_STRICT_OBJC_MSGSEND = YES;
				GCC_C_LANGUAGE_STANDARD = gnu11;
				GCC_NO_COMMON_BLOCKS = YES;
				GCC_WARN_64_TO_32_BIT_CONVERSION = YES;
				GCC_WARN_ABOUT_RETURN_TYPE = YES_ERROR;
				GCC_WARN_UNDECLARED_SELECTOR = YES;
				GCC_WARN_UNINITIALIZED_AUTOS = YES_AGGRESSIVE;
				GCC_WARN_UNUSED_FUNCTION = YES;
				GCC_WARN_UNUSED_VARIABLE = YES;
				IPHONEOS_DEPLOYMENT_TARGET = 16.0;
				MTL_FAST_MATH = YES;
				SDKROOT = iphoneos;
				SWIFT_COMPILATION_MODE = wholemodule;
				SWIFT_OPTIMIZATION_LEVEL = "-O";
				VALIDATE_PRODUCT = YES;
			};
			name = Release;
		};
		/* PickleLinkKit target configs */
		71982CB8D9C846F7B0D8A6EE /* Debug */ = {
			isa = XCBuildConfiguration;
			buildSettings = {
				CLANG_ENABLE_MODULES = YES;
				CODE_SIGN_STYLE = Automatic;
				DEFINES_MODULE = YES;
				DEVELOPMENT_TEAM = 2CTSS65L58;
				DYLIB_COMPATIBILITY_VERSION = 1;
				DYLIB_CURRENT_VERSION = 1;
				DYLIB_INSTALL_NAME_BASE = "@rpath";
				GENERATE_INFOPLIST_FILE = YES;
				INFOPLIST_KEY_NSPrincipalClass = "";
				INSTALL_PATH = "$(LOCAL_LIBRARY_DIR)/Frameworks";
				IPHONEOS_DEPLOYMENT_TARGET = 16.0;
				LD_RUNPATH_SEARCH_PATHS = (
					"$(inherited)",
					"@executable_path/Frameworks",
					"@loader_path/Frameworks",
				);
				PRODUCT_BUNDLE_IDENTIFIER = "ru.artpancreas.2CTSS65L58.PickleLinkKit";
				PRODUCT_NAME = "$(TARGET_NAME)";
				SKIP_INSTALL = YES;
				SUPPORTED_PLATFORMS = "iphoneos iphonesimulator";
				SUPPORTS_MACCATALYST = NO;
				SWIFT_VERSION = 5.0;
				TARGETED_DEVICE_FAMILY = "1,2";
			};
			name = Debug;
		};
		5591EBC3644445A594FB4054 /* Release */ = {
			isa = XCBuildConfiguration;
			buildSettings = {
				CLANG_ENABLE_MODULES = YES;
				CODE_SIGN_STYLE = Automatic;
				DEFINES_MODULE = YES;
				DEVELOPMENT_TEAM = 2CTSS65L58;
				DYLIB_COMPATIBILITY_VERSION = 1;
				DYLIB_CURRENT_VERSION = 1;
				DYLIB_INSTALL_NAME_BASE = "@rpath";
				GENERATE_INFOPLIST_FILE = YES;
				INFOPLIST_KEY_NSPrincipalClass = "";
				INSTALL_PATH = "$(LOCAL_LIBRARY_DIR)/Frameworks";
				IPHONEOS_DEPLOYMENT_TARGET = 16.0;
				LD_RUNPATH_SEARCH_PATHS = (
					"$(inherited)",
					"@executable_path/Frameworks",
					"@loader_path/Frameworks",
				);
				PRODUCT_BUNDLE_IDENTIFIER = "ru.artpancreas.2CTSS65L58.PickleLinkKit";
				PRODUCT_NAME = "$(TARGET_NAME)";
				SKIP_INSTALL = YES;
				SUPPORTED_PLATFORMS = "iphoneos iphonesimulator";
				SUPPORTS_MACCATALYST = NO;
				SWIFT_VERSION = 5.0;
				TARGETED_DEVICE_FAMILY = "1,2";
			};
			name = Release;
		};
		/* PickleLinkKitUI target configs */
		031D2ED15D814E069B190DE1 /* Debug */ = {
			isa = XCBuildConfiguration;
			buildSettings = {
				CLANG_ENABLE_MODULES = YES;
				CODE_SIGN_STYLE = Automatic;
				DEFINES_MODULE = YES;
				DEVELOPMENT_TEAM = 2CTSS65L58;
				DYLIB_COMPATIBILITY_VERSION = 1;
				DYLIB_CURRENT_VERSION = 1;
				DYLIB_INSTALL_NAME_BASE = "@rpath";
				GENERATE_INFOPLIST_FILE = YES;
				INFOPLIST_KEY_NSPrincipalClass = "";
				INSTALL_PATH = "$(LOCAL_LIBRARY_DIR)/Frameworks";
				IPHONEOS_DEPLOYMENT_TARGET = 16.0;
				LD_RUNPATH_SEARCH_PATHS = (
					"$(inherited)",
					"@executable_path/Frameworks",
					"@loader_path/Frameworks",
				);
				PRODUCT_BUNDLE_IDENTIFIER = "ru.artpancreas.2CTSS65L58.PickleLinkKitUI";
				PRODUCT_NAME = "$(TARGET_NAME)";
				SKIP_INSTALL = YES;
				SUPPORTED_PLATFORMS = "iphoneos iphonesimulator";
				SUPPORTS_MACCATALYST = NO;
				SWIFT_VERSION = 5.0;
				TARGETED_DEVICE_FAMILY = "1,2";
			};
			name = Debug;
		};
		188F99EADA2949C4987E2E8F /* Release */ = {
			isa = XCBuildConfiguration;
			buildSettings = {
				CLANG_ENABLE_MODULES = YES;
				CODE_SIGN_STYLE = Automatic;
				DEFINES_MODULE = YES;
				DEVELOPMENT_TEAM = 2CTSS65L58;
				DYLIB_COMPATIBILITY_VERSION = 1;
				DYLIB_CURRENT_VERSION = 1;
				DYLIB_INSTALL_NAME_BASE = "@rpath";
				GENERATE_INFOPLIST_FILE = YES;
				INFOPLIST_KEY_NSPrincipalClass = "";
				INSTALL_PATH = "$(LOCAL_LIBRARY_DIR)/Frameworks";
				IPHONEOS_DEPLOYMENT_TARGET = 16.0;
				LD_RUNPATH_SEARCH_PATHS = (
					"$(inherited)",
					"@executable_path/Frameworks",
					"@loader_path/Frameworks",
				);
				PRODUCT_BUNDLE_IDENTIFIER = "ru.artpancreas.2CTSS65L58.PickleLinkKitUI";
				PRODUCT_NAME = "$(TARGET_NAME)";
				SKIP_INSTALL = YES;
				SUPPORTED_PLATFORMS = "iphoneos iphonesimulator";
				SUPPORTS_MACCATALYST = NO;
				SWIFT_VERSION = 5.0;
				TARGETED_DEVICE_FAMILY = "1,2";
			};
			name = Release;
		};
		/* PickleLinkKitPlugin target configs */
		A14B3931BBE743C487A1F2F0 /* Debug */ = {
			isa = XCBuildConfiguration;
			buildSettings = {
				CLANG_ENABLE_MODULES = YES;
				CODE_SIGN_STYLE = Automatic;
				DEFINES_MODULE = YES;
				DEVELOPMENT_TEAM = 2CTSS65L58;
				GENERATE_INFOPLIST_FILE = NO;
				INFOPLIST_FILE = "Sources/PickleLinkKitPlugin/Info.plist";
				INSTALL_PATH = "$(LOCAL_LIBRARY_DIR)/Frameworks";
				IPHONEOS_DEPLOYMENT_TARGET = 16.0;
				LD_RUNPATH_SEARCH_PATHS = (
					"$(inherited)",
					"@executable_path/Frameworks",
					"@loader_path/Frameworks",
				);
				PRODUCT_BUNDLE_IDENTIFIER = "ru.artpancreas.2CTSS65L58.PickleLinkKitPlugin";
				PRODUCT_NAME = PickleLinkKitPlugin;
				SKIP_INSTALL = YES;
				SUPPORTED_PLATFORMS = "iphoneos iphonesimulator";
				SUPPORTS_MACCATALYST = NO;
				SWIFT_VERSION = 5.0;
				TARGETED_DEVICE_FAMILY = "1,2";
				WRAPPER_EXTENSION = loopplugin;
			};
			name = Debug;
		};
		B459F597FC184B91BC181F66 /* Release */ = {
			isa = XCBuildConfiguration;
			buildSettings = {
				CLANG_ENABLE_MODULES = YES;
				CODE_SIGN_STYLE = Automatic;
				DEFINES_MODULE = YES;
				DEVELOPMENT_TEAM = 2CTSS65L58;
				GENERATE_INFOPLIST_FILE = NO;
				INFOPLIST_FILE = "Sources/PickleLinkKitPlugin/Info.plist";
				INSTALL_PATH = "$(LOCAL_LIBRARY_DIR)/Frameworks";
				IPHONEOS_DEPLOYMENT_TARGET = 16.0;
				LD_RUNPATH_SEARCH_PATHS = (
					"$(inherited)",
					"@executable_path/Frameworks",
					"@loader_path/Frameworks",
				);
				PRODUCT_BUNDLE_IDENTIFIER = "ru.artpancreas.2CTSS65L58.PickleLinkKitPlugin";
				PRODUCT_NAME = PickleLinkKitPlugin;
				SKIP_INSTALL = YES;
				SUPPORTED_PLATFORMS = "iphoneos iphonesimulator";
				SUPPORTS_MACCATALYST = NO;
				SWIFT_VERSION = 5.0;
				TARGETED_DEVICE_FAMILY = "1,2";
				WRAPPER_EXTENSION = loopplugin;
			};
			name = Release;
		};
/* End XCBuildConfiguration section */

/* Begin XCConfigurationList section */
		E0724875E73F4501BA80340F /* Build configuration list for PBXProject "PickleLinkKit" */ = {
			isa = XCConfigurationList;
			buildConfigurations = (
				BB7CE954511D4626A12BF19A /* Debug */,
				8778B2E343444B72A7485C3E /* Release */,
			);
			defaultConfigurationIsVisible = 0;
			defaultConfigurationName = Release;
		};
		AB64CB522B6D4625A24C8726 /* Build configuration list for PBXNativeTarget "PickleLinkKit" */ = {
			isa = XCConfigurationList;
			buildConfigurations = (
				71982CB8D9C846F7B0D8A6EE /* Debug */,
				5591EBC3644445A594FB4054 /* Release */,
			);
			defaultConfigurationIsVisible = 0;
			defaultConfigurationName = Release;
		};
		6020258F4CF745D397D1266D /* Build configuration list for PBXNativeTarget "PickleLinkKitUI" */ = {
			isa = XCConfigurationList;
			buildConfigurations = (
				031D2ED15D814E069B190DE1 /* Debug */,
				188F99EADA2949C4987E2E8F /* Release */,
			);
			defaultConfigurationIsVisible = 0;
			defaultConfigurationName = Release;
		};
		96D9302A6DFE492CBB98072F /* Build configuration list for PBXNativeTarget "PickleLinkKitPlugin" */ = {
			isa = XCConfigurationList;
			buildConfigurations = (
				A14B3931BBE743C487A1F2F0 /* Debug */,
				B459F597FC184B91BC181F66 /* Release */,
			);
			defaultConfigurationIsVisible = 0;
			defaultConfigurationName = Release;
		};
/* End XCConfigurationList section */

	};
	rootObject = 6D5C1753945D424E80205B25 /* Project object */;
}
